
Microsoft Visual Studio Solution File, Format Version 12.00
# Visual Studio Version 18
VisualStudioVersion = 18.4.11620.152
MinimumVisualStudioVersion = 10.0.40219.1
Project("{2150E333-8FDC-42A3-9474-1A3956D46DE8}") = "Libraries", "Libraries", "{8DC175F0-C083-4014-86CD-19C076A26ADC}"
EndProject
Project("{8BC9CEB8-8B4A-11D0-8D11-00A0C91BC942}") = "AudioSDL", "Libraries\AudioSDL\AudioSDL.vcxproj", "{3A1C94CD-CCBA-4F62-9AF1-919B10C582E6}"
EndProject
Project("{8BC9CEB8-8B4A-11D0-8D11-00A0C91BC942}") = "Common", "Libraries\common\Common.vcxproj", "{58B6753C-75DA-449A-97F9-3B26DA4B6FB5}"
	ProjectSection(ProjectDependencies) = postProject
		{8C999608-91A8-4A85-BCD8-975B65EEC5F4} = {8C999608-91A8-4A85-BCD8-975B65EEC5F4}
		{C39F4B46-6E89-4074-902E-CA57073044D2} = {C39F4B46-6E89-4074-902E-CA57073044D2}
	EndProjectSection
EndProject
Project("{8BC9CEB8-8B4A-11D0-8D11-00A0C91BC942}") = "cryptlib", "Libraries\Cryptopp\cryptlib.vcxproj", "{C39F4B46-6E89-4074-902E-CA57073044D2}"
EndProject
Project("{8BC9CEB8-8B4A-11D0-8D11-00A0C91BC942}") = "CorsairsNet", "Libraries\CorsairsNet\CorsairsNet.vcxproj", "{86B2632E-7475-4D2F-953F-C04109463475}"
EndProject
Project("{8BC9CEB8-8B4A-11D0-8D11-00A0C91BC942}") = "CorsairsNet.Tests", "Libraries\CorsairsNet\tests\CorsairsNet.Tests.vcxproj", "{B3C4D5E6-F7A8-9012-BCDE-FA2345678901}"
	ProjectSection(ProjectDependencies) = postProject
		{86B2632E-7475-4D2F-953F-C04109463475} = {86B2632E-7475-4D2F-953F-C04109463475}
	EndProjectSection
EndProject
Project("{8BC9CEB8-8B4A-11D0-8D11-00A0C91BC942}") = "Utils", "Libraries\Util\Utils.vcxproj", "{8C999608-91A8-4A85-BCD8-975B65EEC5F4}"
EndProject
Project("{8BC9CEB8-8B4A-11D0-8D11-00A0C91BC942}") = "freetype", "Libraries\FreeType\builds\windows\vc2010\freetype.vcxproj", "{78B079BD-9FC7-4B9E-B4A6-96DA0F00248B}"
EndProject
Project("{8BC9CEB8-8B4A-11D0-8D11-00A0C91BC942}") = "SDL3", "Libraries\SDL3\SDL3.vcxproj", "{E1F2A3B4-C5D6-7890-ABCD-EF1234567890}"
EndProject
Project("{2150E333-8FDC-42A3-9474-1A3956D46DE8}") = "Client", "Client", "{7A1D98A7-BDBD-4B7A-A503-93CA36F097DC}"
EndProject
Project("{8BC9CEB8-8B4A-11D0-8D11-00A0C91BC942}") = "Game", "Client\Game.vcxproj", "{595AD564-2531-4FB6-A058-81D42E7697A4}"
	ProjectSection(ProjectDependencies) = postProject
		{8C999608-91A8-4A85-BCD8-975B65EEC5F4} = {8C999608-91A8-4A85-BCD8-975B65EEC5F4}
		{8661B70A-8D22-4082-9E71-00312294DF0F} = {8661B70A-8D22-4082-9E71-00312294DF0F}
		{58B6753C-75DA-449A-97F9-3B26DA4B6FB5} = {58B6753C-75DA-449A-97F9-3B26DA4B6FB5}
		{86B2632E-7475-4D2F-953F-C04109463475} = {86B2632E-7475-4D2F-953F-C04109463475}
		{3A1C94CD-CCBA-4F62-9AF1-919B10C582E6} = {3A1C94CD-CCBA-4F62-9AF1-919B10C582E6}
	EndProjectSection
EndProject
Project("{8BC9CEB8-8B4A-11D0-8D11-00A0C91BC942}") = "MindPower3D", "Engine\MindPower3D.vcxproj", "{8661B70A-8D22-4082-9E71-00312294DF0F}"
	ProjectSection(ProjectDependencies) = postProject
		{8C999608-91A8-4A85-BCD8-975B65EEC5F4} = {8C999608-91A8-4A85-BCD8-975B65EEC5F4}
		{58B6753C-75DA-449A-97F9-3B26DA4B6FB5} = {58B6753C-75DA-449A-97F9-3B26DA4B6FB5}
		{C39F4B46-6E89-4074-902E-CA57073044D2} = {C39F4B46-6E89-4074-902E-CA57073044D2}
	EndProjectSection
EndProject
Project("{2150E333-8FDC-42A3-9474-1A3956D46DE8}") = "Server", "Server", "{08875020-0735-4B4B-8529-B3B103E05C4A}"
EndProject
Project("{8BC9CEB8-8B4A-11D0-8D11-00A0C91BC942}") = "GameServer", "Server\GameServer\GameServer.vcxproj", "{525C57F1-D1F3-4AD2-B31D-F63CEEBA8BA6}"
	ProjectSection(ProjectDependencies) = postProject
		{8C999608-91A8-4A85-BCD8-975B65EEC5F4} = {8C999608-91A8-4A85-BCD8-975B65EEC5F4}
		{58B6753C-75DA-449A-97F9-3B26DA4B6FB5} = {58B6753C-75DA-449A-97F9-3B26DA4B6FB5}
	EndProjectSection
EndProject
Project("{2150E333-8FDC-42A3-9474-1A3956D46DE8}") = "Dotnet", "Dotnet", "{AA8FCEA4-4407-4CEC-A9C4-BD44D904CAE4}"
EndProject
Project("{2150E333-8FDC-42A3-9474-1A3956D46DE8}") = "Shared", "Shared", "{F23E08CA-357B-4A43-B985-B63F0F773B68}"
EndProject
Project("{F2A71F9B-5D33-465A-A702-920D77279786}") = "Corsairs.Platform.Network", "Dotnet\Shared\Corsairs.Platform.Network\Corsairs.Platform.Network.fsproj", "{2F77F17E-42EA-4722-A95B-2D0F3931A54F}"
EndProject
Project("{F2A71F9B-5D33-465A-A702-920D77279786}") = "Corsairs.Platform.Shared", "Dotnet\Shared\Corsairs.Platform.Shared\Corsairs.Platform.Shared.fsproj", "{97AE0C99-D079-4CDF-B83F-7532BA6237C7}"
EndProject
Project("{FAE04EC0-301F-11D3-BF4B-00C04F79EFBC}") = "Corsairs.Platform.Database", "Dotnet\Shared\Corsairs.Platform.Database\Corsairs.Platform.Database.csproj", "{4C8E8952-C32E-40BD-AC3E-757D7C88E388}"
EndProject
Project("{FAE04EC0-301F-11D3-BF4B-00C04F79EFBC}") = "Corsairs.Platform.Grpc.Contracts", "Dotnet\Shared\Corsairs.Platform.Grpc.Contracts\Corsairs.Platform.Grpc.Contracts.csproj", "{17E65CF2-0EB8-4EA0-A6D6-A3C29662F175}"
EndProject
Project("{F2A71F9B-5D33-465A-A702-920D77279786}") = "Corsairs.Platform.Network.Tests", "Dotnet\Shared\Corsairs.Platform.Network.Tests\Corsairs.Platform.Network.Tests.fsproj", "{6AB6C940-92DA-4735-8E61-EB9B7A69A457}"
EndProject
Project("{2150E333-8FDC-42A3-9474-1A3956D46DE8}") = "Servers", "Servers", "{D69A11FA-9EEE-79B1-329F-31D776A715F6}"
EndProject
Project("{F2A71F9B-5D33-465A-A702-920D77279786}") = "Corsairs.AccountServer", "Dotnet\Servers\Account\Corsairs.AccountServer\Corsairs.AccountServer.fsproj", "{38896F15-84C3-4E9D-82E2-CAB6EF5AA2C6}"
EndProject
Project("{F2A71F9B-5D33-465A-A702-920D77279786}") = "Corsairs.GateServer", "Dotnet\Servers\Gate\Corsairs.GateServer\Corsairs.GateServer.fsproj", "{9F6033EF-E5B0-44BB-BF50-1FD6BC9A0FB3}"
EndProject
Project("{F2A71F9B-5D33-465A-A702-920D77279786}") = "Corsairs.GroupServer", "Dotnet\Servers\Group\Corsairs.GroupServer\Corsairs.GroupServer.fsproj", "{0F157799-B7D9-487D-BAFC-B69F47B8C676}"
EndProject
Project("{2150E333-8FDC-42A3-9474-1A3956D46DE8}") = "Admin", "Admin", "{D6C520E1-4C4A-4A9B-BB22-66670CC07624}"
EndProject
Project("{FAE04EC0-301F-11D3-BF4B-00C04F79EFBC}") = "Corsairs.Admin.Web", "Dotnet\Admin\Corsairs.Admin.Web\Corsairs.Admin.Web.csproj", "{D705DDF7-401B-4D66-A1D3-A5F81FC3E5C6}"
EndProject
Project("{F2A71F9B-5D33-465A-A702-920D77279786}") = "Corsairs.GateServer.Tests", "Dotnet\Servers\Gate\Test\Corsairs.GateServer.Tests\Corsairs.GateServer.Tests.fsproj", "{30424FD3-2C65-4A93-B4AA-C9E741B3B400}"
EndProject
Project("{2150E333-8FDC-42A3-9474-1A3956D46DE8}") = "Tests", "Tests", "{92CD8A9F-B0F3-46A3-AA69-52D68240B2BB}"
EndProject
Project("{FAE04EC0-301F-11D3-BF4B-00C04F79EFBC}") = "Corsairs.Platform.Msgpack", "Dotnet\Shared\Corsairs.Platform.Msgpack\Corsairs.Platform.Msgpack.csproj", "{7058F131-95D8-411F-A8F9-5D545B2F6CD6}"
EndProject
Project("{8BC9CEB8-8B4A-11D0-8D11-00A0C91BC942}") = "LookDataTests", "Tests\LookDataTests\LookDataTests.vcxproj", "{D4E5F6A7-B8C9-0123-DEF4-567890ABCDE1}"
	ProjectSection(ProjectDependencies) = postProject
		{58B6753C-75DA-449A-97F9-3B26DA4B6FB5} = {58B6753C-75DA-449A-97F9-3B26DA4B6FB5}
	EndProjectSection
EndProject
Project("{8BC9CEB8-8B4A-11D0-8D11-00A0C91BC942}") = "DatabaseTests", "Tests\DatabaseTests\DatabaseTests.vcxproj", "{A1B2C3D4-E5F6-7890-ABCD-EF1234567890}"
EndProject
Global
	GlobalSection(SolutionConfigurationPlatforms) = preSolution
		Debug|Any CPU = Debug|Any CPU
		Debug|x64 = Debug|x64
		Release|Any CPU = Release|Any CPU
		Release|x64 = Release|x64
	EndGlobalSection
	GlobalSection(ProjectConfigurationPlatforms) = postSolution
		{3A1C94CD-CCBA-4F62-9AF1-919B10C582E6}.Debug|Any CPU.ActiveCfg = Debug|x64
		{3A1C94CD-CCBA-4F62-9AF1-919B10C582E6}.Debug|Any CPU.Build.0 = Debug|x64
		{3A1C94CD-CCBA-4F62-9AF1-919B10C582E6}.Debug|x64.ActiveCfg = Debug|x64
		{3A1C94CD-CCBA-4F62-9AF1-919B10C582E6}.Debug|x64.Build.0 = Debug|x64
		{3A1C94CD-CCBA-4F62-9AF1-919B10C582E6}.Release|Any CPU.ActiveCfg = Release|x64
		{3A1C94CD-CCBA-4F62-9AF1-919B10C582E6}.Release|Any CPU.Build.0 = Release|x64
		{3A1C94CD-CCBA-4F62-9AF1-919B10C582E6}.Release|x64.ActiveCfg = Release|x64
		{3A1C94CD-CCBA-4F62-9AF1-919B10C582E6}.Release|x64.Build.0 = Release|x64
		{58B6753C-75DA-449A-97F9-3B26DA4B6FB5}.Debug|Any CPU.ActiveCfg = Debug|x64
		{58B6753C-75DA-449A-97F9-3B26DA4B6FB5}.Debug|Any CPU.Build.0 = Debug|x64
		{58B6753C-75DA-449A-97F9-3B26DA4B6FB5}.Debug|x64.ActiveCfg = Debug|x64
		{58B6753C-75DA-449A-97F9-3B26DA4B6FB5}.Debug|x64.Build.0 = Debug|x64
		{58B6753C-75DA-449A-97F9-3B26DA4B6FB5}.Release|Any CPU.ActiveCfg = Release|x64
		{58B6753C-75DA-449A-97F9-3B26DA4B6FB5}.Release|Any CPU.Build.0 = Release|x64
		{58B6753C-75DA-449A-97F9-3B26DA4B6FB5}.Release|x64.ActiveCfg = Release|x64
		{58B6753C-75DA-449A-97F9-3B26DA4B6FB5}.Release|x64.Build.0 = Release|x64
		{C39F4B46-6E89-4074-902E-CA57073044D2}.Debug|Any CPU.ActiveCfg = Debug|x64
		{C39F4B46-6E89-4074-902E-CA57073044D2}.Debug|Any CPU.Build.0 = Debug|x64
		{C39F4B46-6E89-4074-902E-CA57073044D2}.Debug|x64.ActiveCfg = Debug|x64
		{C39F4B46-6E89-4074-902E-CA57073044D2}.Debug|x64.Build.0 = Debug|x64
		{C39F4B46-6E89-4074-902E-CA57073044D2}.Release|Any CPU.ActiveCfg = Release|x64
		{C39F4B46-6E89-4074-902E-CA57073044D2}.Release|Any CPU.Build.0 = Release|x64
		{C39F4B46-6E89-4074-902E-CA57073044D2}.Release|x64.ActiveCfg = Release|x64
		{C39F4B46-6E89-4074-902E-CA57073044D2}.Release|x64.Build.0 = Release|x64
		{86B2632E-7475-4D2F-953F-C04109463475}.Debug|Any CPU.ActiveCfg = Debug|x64
		{86B2632E-7475-4D2F-953F-C04109463475}.Debug|Any CPU.Build.0 = Debug|x64
		{86B2632E-7475-4D2F-953F-C04109463475}.Debug|x64.ActiveCfg = Debug|x64
		{86B2632E-7475-4D2F-953F-C04109463475}.Debug|x64.Build.0 = Debug|x64
		{86B2632E-7475-4D2F-953F-C04109463475}.Release|Any CPU.ActiveCfg = Release|x64
		{86B2632E-7475-4D2F-953F-C04109463475}.Release|Any CPU.Build.0 = Release|x64
		{86B2632E-7475-4D2F-953F-C04109463475}.Release|x64.ActiveCfg = Release|x64
		{86B2632E-7475-4D2F-953F-C04109463475}.Release|x64.Build.0 = Release|x64
		{B3C4D5E6-F7A8-9012-BCDE-FA2345678901}.Debug|Any CPU.ActiveCfg = Debug|x64
		{B3C4D5E6-F7A8-9012-BCDE-FA2345678901}.Debug|Any CPU.Build.0 = Debug|x64
		{B3C4D5E6-F7A8-9012-BCDE-FA2345678901}.Debug|x64.ActiveCfg = Debug|x64
		{B3C4D5E6-F7A8-9012-BCDE-FA2345678901}.Debug|x64.Build.0 = Debug|x64
		{B3C4D5E6-F7A8-9012-BCDE-FA2345678901}.Release|Any CPU.ActiveCfg = Release|x64
		{B3C4D5E6-F7A8-9012-BCDE-FA2345678901}.Release|Any CPU.Build.0 = Release|x64
		{B3C4D5E6-F7A8-9012-BCDE-FA2345678901}.Release|x64.ActiveCfg = Release|x64
		{B3C4D5E6-F7A8-9012-BCDE-FA2345678901}.Release|x64.Build.0 = Release|x64
		{8C999608-91A8-4A85-BCD8-975B65EEC5F4}.Debug|Any CPU.ActiveCfg = Debug|x64
		{8C999608-91A8-4A85-BCD8-975B65EEC5F4}.Debug|Any CPU.Build.0 = Debug|x64
		{8C999608-91A8-4A85-BCD8-975B65EEC5F4}.Debug|x64.ActiveCfg = Debug|x64
		{8C999608-91A8-4A85-BCD8-975B65EEC5F4}.Debug|x64.Build.0 = Debug|x64
		{8C999608-91A8-4A85-BCD8-975B65EEC5F4}.Release|Any CPU.ActiveCfg = Release|x64
		{8C999608-91A8-4A85-BCD8-975B65EEC5F4}.Release|Any CPU.Build.0 = Release|x64
		{8C999608-91A8-4A85-BCD8-975B65EEC5F4}.Release|x64.ActiveCfg = Release|x64
		{8C999608-91A8-4A85-BCD8-975B65EEC5F4}.Release|x64.Build.0 = Release|x64
		{78B079BD-9FC7-4B9E-B4A6-96DA0F00248B}.Debug|Any CPU.ActiveCfg = Debug|x64
		{78B079BD-9FC7-4B9E-B4A6-96DA0F00248B}.Debug|Any CPU.Build.0 = Debug|x64
		{78B079BD-9FC7-4B9E-B4A6-96DA0F00248B}.Debug|x64.ActiveCfg = Debug|x64
		{78B079BD-9FC7-4B9E-B4A6-96DA0F00248B}.Debug|x64.Build.0 = Debug|x64
		{78B079BD-9FC7-4B9E-B4A6-96DA0F00248B}.Release|Any CPU.ActiveCfg = Release|x64
		{78B079BD-9FC7-4B9E-B4A6-96DA0F00248B}.Release|Any CPU.Build.0 = Release|x64
		{78B079BD-9FC7-4B9E-B4A6-96DA0F00248B}.Release|x64.ActiveCfg = Release|x64
		{78B079BD-9FC7-4B9E-B4A6-96DA0F00248B}.Release|x64.Build.0 = Release|x64
		{E1F2A3B4-C5D6-7890-ABCD-EF1234567890}.Debug|Any CPU.ActiveCfg = Debug|x64
		{E1F2A3B4-C5D6-7890-ABCD-EF1234567890}.Debug|Any CPU.Build.0 = Debug|x64
		{E1F2A3B4-C5D6-7890-ABCD-EF1234567890}.Debug|x64.ActiveCfg = Debug|x64
		{E1F2A3B4-C5D6-7890-ABCD-EF1234567890}.Debug|x64.Build.0 = Debug|x64
		{E1F2A3B4-C5D6-7890-ABCD-EF1234567890}.Release|Any CPU.ActiveCfg = Release|x64
		{E1F2A3B4-C5D6-7890-ABCD-EF1234567890}.Release|Any CPU.Build.0 = Release|x64
		{E1F2A3B4-C5D6-7890-ABCD-EF1234567890}.Release|x64.ActiveCfg = Release|x64
		{E1F2A3B4-C5D6-7890-ABCD-EF1234567890}.Release|x64.Build.0 = Release|x64
		{595AD564-2531-4FB6-A058-81D42E7697A4}.Debug|Any CPU.ActiveCfg = Debug|x64
		{595AD564-2531-4FB6-A058-81D42E7697A4}.Debug|Any CPU.Build.0 = Debug|x64
		{595AD564-2531-4FB6-A058-81D42E7697A4}.Debug|x64.ActiveCfg = Debug|x64
		{595AD564-2531-4FB6-A058-81D42E7697A4}.Debug|x64.Build.0 = Debug|x64
		{595AD564-2531-4FB6-A058-81D42E7697A4}.Release|Any CPU.ActiveCfg = Release|x64
		{595AD564-2531-4FB6-A058-81D42E7697A4}.Release|Any CPU.Build.0 = Release|x64
		{595AD564-2531-4FB6-A058-81D42E7697A4}.Release|x64.ActiveCfg = Release|x64
		{595AD564-2531-4FB6-A058-81D42E7697A4}.Release|x64.Build.0 = Release|x64
		{8661B70A-8D22-4082-9E71-00312294DF0F}.Debug|Any CPU.ActiveCfg = Debug|x64
		{8661B70A-8D22-4082-9E71-00312294DF0F}.Debug|Any CPU.Build.0 = Debug|x64
		{8661B70A-8D22-4082-9E71-00312294DF0F}.Debug|x64.ActiveCfg = Debug|x64
		{8661B70A-8D22-4082-9E71-00312294DF0F}.Debug|x64.Build.0 = Debug|x64
		{8661B70A-8D22-4082-9E71-00312294DF0F}.Release|Any CPU.ActiveCfg = Release|x64
		{8661B70A-8D22-4082-9E71-00312294DF0F}.Release|Any CPU.Build.0 = Release|x64
		{8661B70A-8D22-4082-9E71-00312294DF0F}.Release|x64.ActiveCfg = Release|x64
		{8661B70A-8D22-4082-9E71-00312294DF0F}.Release|x64.Build.0 = Release|x64
		{525C57F1-D1F3-4AD2-B31D-F63CEEBA8BA6}.Debug|Any CPU.ActiveCfg = Debug|x64
		{525C57F1-D1F3-4AD2-B31D-F63CEEBA8BA6}.Debug|Any CPU.Build.0 = Debug|x64
		{525C57F1-D1F3-4AD2-B31D-F63CEEBA8BA6}.Debug|x64.ActiveCfg = Debug|x64
		{525C57F1-D1F3-4AD2-B31D-F63CEEBA8BA6}.Debug|x64.Build.0 = Debug|x64
		{525C57F1-D1F3-4AD2-B31D-F63CEEBA8BA6}.Release|Any CPU.ActiveCfg = Release|x64
		{525C57F1-D1F3-4AD2-B31D-F63CEEBA8BA6}.Release|Any CPU.Build.0 = Release|x64
		{525C57F1-D1F3-4AD2-B31D-F63CEEBA8BA6}.Release|x64.ActiveCfg = Release|x64
		{525C57F1-D1F3-4AD2-B31D-F63CEEBA8BA6}.Release|x64.Build.0 = Release|x64
		{2F77F17E-42EA-4722-A95B-2D0F3931A54F}.Debug|Any CPU.ActiveCfg = Debug|Any CPU
		{2F77F17E-42EA-4722-A95B-2D0F3931A54F}.Debug|Any CPU.Build.0 = Debug|Any CPU
		{2F77F17E-42EA-4722-A95B-2D0F3931A54F}.Debug|x64.ActiveCfg = Debug|Any CPU
		{2F77F17E-42EA-4722-A95B-2D0F3931A54F}.Debug|x64.Build.0 = Debug|Any CPU
		{2F77F17E-42EA-4722-A95B-2D0F3931A54F}.Release|Any CPU.ActiveCfg = Release|Any CPU
		{2F77F17E-42EA-4722-A95B-2D0F3931A54F}.Release|Any CPU.Build.0 = Release|Any CPU
		{2F77F17E-42EA-4722-A95B-2D0F3931A54F}.Release|x64.ActiveCfg = Release|Any CPU
		{2F77F17E-42EA-4722-A95B-2D0F3931A54F}.Release|x64.Build.0 = Release|Any CPU
		{97AE0C99-D079-4CDF-B83F-7532BA6237C7}.Debug|Any CPU.ActiveCfg = Debug|Any CPU
		{97AE0C99-D079-4CDF-B83F-7532BA6237C7}.Debug|Any CPU.Build.0 = Debug|Any CPU
		{97AE0C99-D079-4CDF-B83F-7532BA6237C7}.Debug|x64.ActiveCfg = Debug|Any CPU
		{97AE0C99-D079-4CDF-B83F-7532BA6237C7}.Debug|x64.Build.0 = Debug|Any CPU
		{97AE0C99-D079-4CDF-B83F-7532BA6237C7}.Release|Any CPU.ActiveCfg = Release|Any CPU
		{97AE0C99-D079-4CDF-B83F-7532BA6237C7}.Release|Any CPU.Build.0 = Release|Any CPU
		{97AE0C99-D079-4CDF-B83F-7532BA6237C7}.Release|x64.ActiveCfg = Release|Any CPU
		{97AE0C99-D079-4CDF-B83F-7532BA6237C7}.Release|x64.Build.0 = Release|Any CPU
		{4C8E8952-C32E-40BD-AC3E-757D7C88E388}.Debug|Any CPU.ActiveCfg = Debug|Any CPU
		{4C8E8952-C32E-40BD-AC3E-757D7C88E388}.Debug|Any CPU.Build.0 = Debug|Any CPU
		{4C8E8952-C32E-40BD-AC3E-757D7C88E388}.Debug|x64.ActiveCfg = Debug|Any CPU
		{4C8E8952-C32E-40BD-AC3E-757D7C88E388}.Debug|x64.Build.0 = Debug|Any CPU
		{4C8E8952-C32E-40BD-AC3E-757D7C88E388}.Release|Any CPU.ActiveCfg = Release|Any CPU
		{4C8E8952-C32E-40BD-AC3E-757D7C88E388}.Release|Any CPU.Build.0 = Release|Any CPU
		{4C8E8952-C32E-40BD-AC3E-757D7C88E388}.Release|x64.ActiveCfg = Release|Any CPU
		{4C8E8952-C32E-40BD-AC3E-757D7C88E388}.Release|x64.Build.0 = Release|Any CPU
		{17E65CF2-0EB8-4EA0-A6D6-A3C29662F175}.Debug|Any CPU.ActiveCfg = Debug|Any CPU
		{17E65CF2-0EB8-4EA0-A6D6-A3C29662F175}.Debug|Any CPU.Build.0 = Debug|Any CPU
		{17E65CF2-0EB8-4EA0-A6D6-A3C29662F175}.Debug|x64.ActiveCfg = Debug|Any CPU
		{17E65CF2-0EB8-4EA0-A6D6-A3C29662F175}.Debug|x64.Build.0 = Debug|Any CPU
		{17E65CF2-0EB8-4EA0-A6D6-A3C29662F175}.Release|Any CPU.ActiveCfg = Release|Any CPU
		{17E65CF2-0EB8-4EA0-A6D6-A3C29662F175}.Release|Any CPU.Build.0 = Release|Any CPU
		{17E65CF2-0EB8-4EA0-A6D6-A3C29662F175}.Release|x64.ActiveCfg = Release|Any CPU
		{17E65CF2-0EB8-4EA0-A6D6-A3C29662F175}.Release|x64.Build.0 = Release|Any CPU
		{6AB6C940-92DA-4735-8E61-EB9B7A69A457}.Debug|Any CPU.ActiveCfg = Debug|Any CPU
		{6AB6C940-92DA-4735-8E61-EB9B7A69A457}.Debug|Any CPU.Build.0 = Debug|Any CPU
		{6AB6C940-92DA-4735-8E61-EB9B7A69A457}.Debug|x64.ActiveCfg = Debug|Any CPU
		{6AB6C940-92DA-4735-8E61-EB9B7A69A457}.Debug|x64.Build.0 = Debug|Any CPU
		{6AB6C940-92DA-4735-8E61-EB9B7A69A457}.Release|Any CPU.ActiveCfg = Release|Any CPU
		{6AB6C940-92DA-4735-8E61-EB9B7A69A457}.Release|Any CPU.Build.0 = Release|Any CPU
		{6AB6C940-92DA-4735-8E61-EB9B7A69A457}.Release|x64.ActiveCfg = Release|Any CPU
		{6AB6C940-92DA-4735-8E61-EB9B7A69A457}.Release|x64.Build.0 = Release|Any CPU
		{38896F15-84C3-4E9D-82E2-CAB6EF5AA2C6}.Debug|Any CPU.ActiveCfg = Debug|Any CPU
		{38896F15-84C3-4E9D-82E2-CAB6EF5AA2C6}.Debug|Any CPU.Build.0 = Debug|Any CPU
		{38896F15-84C3-4E9D-82E2-CAB6EF5AA2C6}.Debug|x64.ActiveCfg = Debug|Any CPU
		{38896F15-84C3-4E9D-82E2-CAB6EF5AA2C6}.Debug|x64.Build.0 = Debug|Any CPU
		{38896F15-84C3-4E9D-82E2-CAB6EF5AA2C6}.Release|Any CPU.ActiveCfg = Release|Any CPU
		{38896F15-84C3-4E9D-82E2-CAB6EF5AA2C6}.Release|Any CPU.Build.0 = Release|Any CPU
		{38896F15-84C3-4E9D-82E2-CAB6EF5AA2C6}.Release|x64.ActiveCfg = Release|Any CPU
		{38896F15-84C3-4E9D-82E2-CAB6EF5AA2C6}.Release|x64.Build.0 = Release|Any CPU
		{9F6033EF-E5B0-44BB-BF50-1FD6BC9A0FB3}.Debug|Any CPU.ActiveCfg = Debug|Any CPU
		{9F6033EF-E5B0-44BB-BF50-1FD6BC9A0FB3}.Debug|Any CPU.Build.0 = Debug|Any CPU
		{9F6033EF-E5B0-44BB-BF50-1FD6BC9A0FB3}.Debug|x64.ActiveCfg = Debug|Any CPU
		{9F6033EF-E5B0-44BB-BF50-1FD6BC9A0FB3}.Debug|x64.Build.0 = Debug|Any CPU
		{9F6033EF-E5B0-44BB-BF50-1FD6BC9A0FB3}.Release|Any CPU.ActiveCfg = Release|Any CPU
		{9F6033EF-E5B0-44BB-BF50-1FD6BC9A0FB3}.Release|Any CPU.Build.0 = Release|Any CPU
		{9F6033EF-E5B0-44BB-BF50-1FD6BC9A0FB3}.Release|x64.ActiveCfg = Release|Any CPU
		{9F6033EF-E5B0-44BB-BF50-1FD6BC9A0FB3}.Release|x64.Build.0 = Release|Any CPU
		{0F157799-B7D9-487D-BAFC-B69F47B8C676}.Debug|Any CPU.ActiveCfg = Debug|Any CPU
		{0F157799-B7D9-487D-BAFC-B69F47B8C676}.Debug|Any CPU.Build.0 = Debug|Any CPU
		{0F157799-B7D9-487D-BAFC-B69F47B8C676}.Debug|x64.ActiveCfg = Debug|Any CPU
		{0F157799-B7D9-487D-BAFC-B69F47B8C676}.Debug|x64.Build.0 = Debug|Any CPU
		{0F157799-B7D9-487D-BAFC-B69F47B8C676}.Release|Any CPU.ActiveCfg = Release|Any CPU
		{0F157799-B7D9-487D-BAFC-B69F47B8C676}.Release|Any CPU.Build.0 = Release|Any CPU
		{0F157799-B7D9-487D-BAFC-B69F47B8C676}.Release|x64.ActiveCfg = Release|Any CPU
		{0F157799-B7D9-487D-BAFC-B69F47B8C676}.Release|x64.Build.0 = Release|Any CPU
		{D705DDF7-401B-4D66-A1D3-A5F81FC3E5C6}.Debug|Any CPU.ActiveCfg = Debug|Any CPU
		{D705DDF7-401B-4D66-A1D3-A5F81FC3E5C6}.Debug|Any CPU.Build.0 = Debug|Any CPU
		{D705DDF7-401B-4D66-A1D3-A5F81FC3E5C6}.Debug|x64.ActiveCfg = Debug|Any CPU
		{D705DDF7-401B-4D66-A1D3-A5F81FC3E5C6}.Debug|x64.Build.0 = Debug|Any CPU
		{D705DDF7-401B-4D66-A1D3-A5F81FC3E5C6}.Release|Any CPU.ActiveCfg = Release|Any CPU
		{D705DDF7-401B-4D66-A1D3-A5F81FC3E5C6}.Release|Any CPU.Build.0 = Release|Any CPU
		{D705DDF7-401B-4D66-A1D3-A5F81FC3E5C6}.Release|x64.ActiveCfg = Release|Any CPU
		{D705DDF7-401B-4D66-A1D3-A5F81FC3E5C6}.Release|x64.Build.0 = Release|Any CPU
		{30424FD3-2C65-4A93-B4AA-C9E741B3B400}.Debug|Any CPU.ActiveCfg = Debug|Any CPU
		{30424FD3-2C65-4A93-B4AA-C9E741B3B400}.Debug|Any CPU.Build.0 = Debug|Any CPU
		{30424FD3-2C65-4A93-B4AA-C9E741B3B400}.Debug|x64.ActiveCfg = Debug|Any CPU
		{30424FD3-2C65-4A93-B4AA-C9E741B3B400}.Debug|x64.Build.0 = Debug|Any CPU
		{30424FD3-2C65-4A93-B4AA-C9E741B3B400}.Release|Any CPU.ActiveCfg = Release|Any CPU
		{30424FD3-2C65-4A93-B4AA-C9E741B3B400}.Release|Any CPU.Build.0 = Release|Any CPU
		{30424FD3-2C65-4A93-B4AA-C9E741B3B400}.Release|x64.ActiveCfg = Release|Any CPU
		{30424FD3-2C65-4A93-B4AA-C9E741B3B400}.Release|x64.Build.0 = Release|Any CPU
		{7058F131-95D8-411F-A8F9-5D545B2F6CD6}.Debug|Any CPU.ActiveCfg = Debug|Any CPU
		{7058F131-95D8-411F-A8F9-5D545B2F6CD6}.Debug|Any CPU.Build.0 = Debug|Any CPU
		{7058F131-95D8-411F-A8F9-5D545B2F6CD6}.Debug|x64.ActiveCfg = Debug|Any CPU
		{7058F131-95D8-411F-A8F9-5D545B2F6CD6}.Debug|x64.Build.0 = Debug|Any CPU
		{7058F131-95D8-411F-A8F9-5D545B2F6CD6}.Release|Any CPU.ActiveCfg = Release|Any CPU
		{7058F131-95D8-411F-A8F9-5D545B2F6CD6}.Release|Any CPU.Build.0 = Release|Any CPU
		{7058F131-95D8-411F-A8F9-5D545B2F6CD6}.Release|x64.ActiveCfg = Release|Any CPU
		{7058F131-95D8-411F-A8F9-5D545B2F6CD6}.Release|x64.Build.0 = Release|Any CPU
		{D4E5F6A7-B8C9-0123-DEF4-567890ABCDE1}.Debug|Any CPU.ActiveCfg = Debug|x64
		{D4E5F6A7-B8C9-0123-DEF4-567890ABCDE1}.Debug|Any CPU.Build.0 = Debug|x64
		{D4E5F6A7-B8C9-0123-DEF4-567890ABCDE1}.Debug|x64.ActiveCfg = Debug|x64
		{D4E5F6A7-B8C9-0123-DEF4-567890ABCDE1}.Debug|x64.Build.0 = Debug|x64
		{D4E5F6A7-B8C9-0123-DEF4-567890ABCDE1}.Release|Any CPU.ActiveCfg = Release|x64
		{D4E5F6A7-B8C9-0123-DEF4-567890ABCDE1}.Release|Any CPU.Build.0 = Release|x64
		{D4E5F6A7-B8C9-0123-DEF4-567890ABCDE1}.Release|x64.ActiveCfg = Release|x64
		{D4E5F6A7-B8C9-0123-DEF4-567890ABCDE1}.Release|x64.Build.0 = Release|x64
		{A1B2C3D4-E5F6-7890-ABCD-EF1234567890}.Debug|Any CPU.ActiveCfg = Debug|x64
		{A1B2C3D4-E5F6-7890-ABCD-EF1234567890}.Debug|Any CPU.Build.0 = Debug|x64
		{A1B2C3D4-E5F6-7890-ABCD-EF1234567890}.Debug|x64.ActiveCfg = Debug|x64
		{A1B2C3D4-E5F6-7890-ABCD-EF1234567890}.Debug|x64.Build.0 = Debug|x64
		{A1B2C3D4-E5F6-7890-ABCD-EF1234567890}.Release|Any CPU.ActiveCfg = Release|x64
		{A1B2C3D4-E5F6-7890-ABCD-EF1234567890}.Release|Any CPU.Build.0 = Release|x64
		{A1B2C3D4-E5F6-7890-ABCD-EF1234567890}.Release|x64.ActiveCfg = Release|x64
		{A1B2C3D4-E5F6-7890-ABCD-EF1234567890}.Release|x64.Build.0 = Release|x64
	EndGlobalSection
	GlobalSection(SolutionProperties) = preSolution
		HideSolutionNode = FALSE
	EndGlobalSection
	GlobalSection(NestedProjects) = preSolution
		{3A1C94CD-CCBA-4F62-9AF1-919B10C582E6} = {7A1D98A7-BDBD-4B7A-A503-93CA36F097DC}
		{58B6753C-75DA-449A-97F9-3B26DA4B6FB5} = {8DC175F0-C083-4014-86CD-19C076A26ADC}
		{C39F4B46-6E89-4074-902E-CA57073044D2} = {8DC175F0-C083-4014-86CD-19C076A26ADC}
		{86B2632E-7475-4D2F-953F-C04109463475} = {8DC175F0-C083-4014-86CD-19C076A26ADC}
		{B3C4D5E6-F7A8-9012-BCDE-FA2345678901} = {8DC175F0-C083-4014-86CD-19C076A26ADC}
		{8C999608-91A8-4A85-BCD8-975B65EEC5F4} = {8DC175F0-C083-4014-86CD-19C076A26ADC}
		{78B079BD-9FC7-4B9E-B4A6-96DA0F00248B} = {7A1D98A7-BDBD-4B7A-A503-93CA36F097DC}
		{E1F2A3B4-C5D6-7890-ABCD-EF1234567890} = {7A1D98A7-BDBD-4B7A-A503-93CA36F097DC}
		{595AD564-2531-4FB6-A058-81D42E7697A4} = {7A1D98A7-BDBD-4B7A-A503-93CA36F097DC}
		{8661B70A-8D22-4082-9E71-00312294DF0F} = {7A1D98A7-BDBD-4B7A-A503-93CA36F097DC}
		{525C57F1-D1F3-4AD2-B31D-F63CEEBA8BA6} = {08875020-0735-4B4B-8529-B3B103E05C4A}
		{F23E08CA-357B-4A43-B985-B63F0F773B68} = {AA8FCEA4-4407-4CEC-A9C4-BD44D904CAE4}
		{2F77F17E-42EA-4722-A95B-2D0F3931A54F} = {F23E08CA-357B-4A43-B985-B63F0F773B68}
		{97AE0C99-D079-4CDF-B83F-7532BA6237C7} = {F23E08CA-357B-4A43-B985-B63F0F773B68}
		{4C8E8952-C32E-40BD-AC3E-757D7C88E388} = {F23E08CA-357B-4A43-B985-B63F0F773B68}
		{17E65CF2-0EB8-4EA0-A6D6-A3C29662F175} = {F23E08CA-357B-4A43-B985-B63F0F773B68}
		{6AB6C940-92DA-4735-8E61-EB9B7A69A457} = {F23E08CA-357B-4A43-B985-B63F0F773B68}
		{D69A11FA-9EEE-79B1-329F-31D776A715F6} = {AA8FCEA4-4407-4CEC-A9C4-BD44D904CAE4}
		{38896F15-84C3-4E9D-82E2-CAB6EF5AA2C6} = {D69A11FA-9EEE-79B1-329F-31D776A715F6}
		{9F6033EF-E5B0-44BB-BF50-1FD6BC9A0FB3} = {D69A11FA-9EEE-79B1-329F-31D776A715F6}
		{0F157799-B7D9-487D-BAFC-B69F47B8C676} = {D69A11FA-9EEE-79B1-329F-31D776A715F6}
		{D6C520E1-4C4A-4A9B-BB22-66670CC07624} = {AA8FCEA4-4407-4CEC-A9C4-BD44D904CAE4}
		{D705DDF7-401B-4D66-A1D3-A5F81FC3E5C6} = {D6C520E1-4C4A-4A9B-BB22-66670CC07624}
		{30424FD3-2C65-4A93-B4AA-C9E741B3B400} = {D69A11FA-9EEE-79B1-329F-31D776A715F6}
		{92CD8A9F-B0F3-46A3-AA69-52D68240B2BB} = {AA8FCEA4-4407-4CEC-A9C4-BD44D904CAE4}
		{7058F131-95D8-411F-A8F9-5D545B2F6CD6} = {F23E08CA-357B-4A43-B985-B63F0F773B68}
		{D4E5F6A7-B8C9-0123-DEF4-567890ABCDE1} = {92CD8A9F-B0F3-46A3-AA69-52D68240B2BB}
	EndGlobalSection
	GlobalSection(ExtensibilityGlobals) = postSolution
		SolutionGuid = {1BE55185-0ACC-46D0-943E-FAB5774FEA98}
	EndGlobalSection
EndGlobal
