<?xml version="1.0" encoding="utf-8"?>
<Project ToolsVersion="4.0" xmlns="http://schemas.microsoft.com/developer/msbuild/2003">
  <ItemGroup>
    <Filter Include="Исходные файлы">
      <UniqueIdentifier>{4FC737F1-C7A5-4376-A066-2A32D752A2FF}</UniqueIdentifier>
      <Extensions>cpp;c;cc;cxx;c++;cppm;ixx;def;odl;idl;hpj;bat;asm;asmx</Extensions>
    </Filter>
    <Filter Include="Файлы заголовков">
      <UniqueIdentifier>{93995380-89BD-4b04-88EB-625FBE52EBFB}</UniqueIdentifier>
      <Extensions>h;hh;hpp;hxx;h++;hm;inl;inc;ipp;xsd</Extensions>
    </Filter>
    <Filter Include="Файлы ресурсов">
      <UniqueIdentifier>{67DA6AB6-F800-4c08-8B7A-83BB121AAD01}</UniqueIdentifier>
      <Extensions>rc;ico;cur;bmp;dlg;rc2;rct;bin;rgs;gif;jpg;jpeg;jpe;resx;tiff;tif;png;wav;mfcribbon-ms</Extensions>
    </Filter>
  </ItemGroup>
  <ItemGroup>
    <ClCompile Include="Source\Actor.cpp">
      <Filter>Исходные файлы</Filter>
    </ClCompile>
    <ClCompile Include="Source\Algo.cpp">
      <Filter>Исходные файлы</Filter>
    </ClCompile>
    <ClCompile Include="Source\AppScript.cpp">
      <Filter>Исходные файлы</Filter>
    </ClCompile>
    <ClCompile Include="Source\ArcTrack.cpp">
      <Filter>Исходные файлы</Filter>
    </ClCompile>
    <ClCompile Include="Source\AudioThread.cpp">
      <Filter>Исходные файлы</Filter>
    </ClCompile>
    <ClCompile Include="Source\AutoAttack.cpp">
      <Filter>Исходные файлы</Filter>
    </ClCompile>
    <ClCompile Include="Source\BassLoader.cpp">
      <Filter>Исходные файлы</Filter>
    </ClCompile>
    <ClCompile Include="Source\BassMusicInterface.cpp">
      <Filter>Исходные файлы</Filter>
    </ClCompile>
    <ClCompile Include="Source\CameraCtrl.cpp">
      <Filter>Исходные файлы</Filter>
    </ClCompile>
    <ClCompile Include="Source\Character.cpp">
      <Filter>Исходные файлы</Filter>
    </ClCompile>
    <ClCompile Include="Source\CharacterAction.cpp">
      <Filter>Исходные файлы</Filter>
    </ClCompile>
    <ClCompile Include="Source\CharacterModel.cpp">
      <Filter>Исходные файлы</Filter>
    </ClCompile>
    <ClCompile Include="Source\ChaScript.cpp">
      <Filter>Исходные файлы</Filter>
    </ClCompile>
    <ClCompile Include="Source\ChaState.cpp">
      <Filter>Исходные файлы</Filter>
    </ClCompile>
    <ClCompile Include="Source\ChatRecord.cpp">
      <Filter>Исходные файлы</Filter>
    </ClCompile>
    <ClCompile Include="Source\Connection.cpp">
      <Filter>Исходные файлы</Filter>
    </ClCompile>
    <ClCompile Include="Source\CRCircle.cpp">
      <Filter>Исходные файлы</Filter>
    </ClCompile>
    <ClCompile Include="Source\CRCursor.cpp">
      <Filter>Исходные файлы</Filter>
    </ClCompile>
    <ClCompile Include="Source\CRCursorObj.cpp">
      <Filter>Исходные файлы</Filter>
    </ClCompile>
    <ClCompile Include="Source\CreateChaScene.cpp">
      <Filter>Исходные файлы</Filter>
    </ClCompile>
    <ClCompile Include="Source\d3des.cpp">
      <Filter>Исходные файлы</Filter>
    </ClCompile>
    <ClCompile Include="Source\DrawPointList.cpp">
      <Filter>Исходные файлы</Filter>
    </ClCompile>
    <ClCompile Include="Source\DSoundInstance.cpp">
      <Filter>Исходные файлы</Filter>
    </ClCompile>
    <ClCompile Include="Source\DSoundManager.cpp">
      <Filter>Исходные файлы</Filter>
    </ClCompile>
    <ClCompile Include="Source\EffDelay.cpp">
      <Filter>Исходные файлы</Filter>
    </ClCompile>
    <ClCompile Include="Source\EffectObj.cpp">
      <Filter>Исходные файлы</Filter>
    </ClCompile>
    <ClCompile Include="Source\Event.cpp">
      <Filter>Исходные файлы</Filter>
    </ClCompile>
    <ClCompile Include="Source\FindPath.cpp">
      <Filter>Исходные файлы</Filter>
    </ClCompile>
    <ClCompile Include="Source\FrndInviteFormMgr.cpp">
      <Filter>Исходные файлы</Filter>
    </ClCompile>
    <ClCompile Include="Source\GameAppFrameMove.cpp">
      <Filter>Исходные файлы</Filter>
    </ClCompile>
    <ClCompile Include="Source\GameAppInit.cpp">
      <Filter>Исходные файлы</Filter>
    </ClCompile>
    <ClCompile Include="Source\GameAppInterface.cpp">
      <Filter>Исходные файлы</Filter>
    </ClCompile>
    <ClCompile Include="Source\GameAppMsg.cpp">
      <Filter>Исходные файлы</Filter>
    </ClCompile>
    <ClCompile Include="Source\GameAppNet.cpp">
      <Filter>Исходные файлы</Filter>
    </ClCompile>
    <ClCompile Include="Source\GameAppRender.cpp">
      <Filter>Исходные файлы</Filter>
    </ClCompile>
    <ClCompile Include="Source\GameConfig.cpp">
      <Filter>Исходные файлы</Filter>
    </ClCompile>
    <ClCompile Include="Source\GameLoading.cpp">
      <Filter>Исходные файлы</Filter>
    </ClCompile>
    <ClCompile Include="Source\GameMovie.cpp">
      <Filter>Исходные файлы</Filter>
    </ClCompile>
    <ClCompile Include="Source\GameWG.cpp">
      <Filter>Исходные файлы</Filter>
    </ClCompile>
    <ClCompile Include="Source\GlobalVar.cpp">
      <Filter>Исходные файлы</Filter>
    </ClCompile>
    <ClCompile Include="Source\GuildData.cpp">
      <Filter>Исходные файлы</Filter>
    </ClCompile>
    <ClCompile Include="Source\GuildListData.cpp">
      <Filter>Исходные файлы</Filter>
    </ClCompile>
    <ClCompile Include="Source\GuildListMgr.cpp">
      <Filter>Исходные файлы</Filter>
    </ClCompile>
    <ClCompile Include="Source\GuildMemberData.cpp">
      <Filter>Исходные файлы</Filter>
    </ClCompile>
    <ClCompile Include="Source\GuildMembersMgr.cpp">
      <Filter>Исходные файлы</Filter>
    </ClCompile>
    <ClCompile Include="Source\HairTool.cpp">
      <Filter>Исходные файлы</Filter>
    </ClCompile>
    <ClCompile Include="Source\HMAttack.cpp">
      <Filter>Исходные файлы</Filter>
    </ClCompile>
    <ClCompile Include="Source\HMManage.cpp">
      <Filter>Исходные файлы</Filter>
    </ClCompile>
    <ClCompile Include="Source\HMSynchroObj.cpp">
      <Filter>Исходные файлы</Filter>
    </ClCompile>
    <ClCompile Include="Source\IsSkillUse.cpp">
      <Filter>Исходные файлы</Filter>
    </ClCompile>
    <ClCompile Include="Source\ItemLit.cpp">
      <Filter>Исходные файлы</Filter>
    </ClCompile>
    <ClCompile Include="Source\ItemLitAnim.cpp">
      <Filter>Исходные файлы</Filter>
    </ClCompile>
    <ClCompile Include="Source\Language.cpp">
      <Filter>Исходные файлы</Filter>
    </ClCompile>
    <ClCompile Include="Source\LitLoad.cpp">
      <Filter>Исходные файлы</Filter>
    </ClCompile>
    <ClCompile Include="Source\LoginScene.cpp">
      <Filter>Исходные файлы</Filter>
    </ClCompile>
    <ClCompile Include="Source\LootFilter.cpp">
      <Filter>Исходные файлы</Filter>
    </ClCompile>
    <ClCompile Include="Source\lua_platform.cpp">
      <Filter>Исходные файлы</Filter>
    </ClCompile>
    <ClCompile Include="Source\Main.cpp">
      <Filter>Исходные файлы</Filter>
    </ClCompile>
    <ClCompile Include="Source\MouseDown.cpp">
      <Filter>Исходные файлы</Filter>
    </ClCompile>
    <ClCompile Include="Source\MPEditor.cpp">
      <Filter>Исходные файлы</Filter>
    </ClCompile>
    <ClCompile Include="Source\MusicThread.cpp">
      <Filter>Исходные файлы</Filter>
    </ClCompile>
    <ClCompile Include="Source\NetChat.cpp">
      <Filter>Исходные файлы</Filter>
    </ClCompile>
    <ClCompile Include="Source\NetGuild.cpp">
      <Filter>Исходные файлы</Filter>
    </ClCompile>
    <ClCompile Include="Source\NetIF.cpp">
      <Filter>Исходные файлы</Filter>
    </ClCompile>
    <ClCompile Include="Source\NetPkChat.cpp">
      <Filter>Исходные файлы</Filter>
    </ClCompile>
    <ClCompile Include="Source\NetPkGuild.cpp">
      <Filter>Исходные файлы</Filter>
    </ClCompile>
    <ClCompile Include="Source\NetProtocol.cpp">
      <Filter>Исходные файлы</Filter>
    </ClCompile>
    <ClCompile Include="Source\NPCHelper.cpp">
      <Filter>Исходные файлы</Filter>
    </ClCompile>
    <ClCompile Include="Source\PacketCmd_CS.cpp">
      <Filter>Исходные файлы</Filter>
    </ClCompile>
    <ClCompile Include="Source\PacketCmd_SC.cpp">
      <Filter>Исходные файлы</Filter>
    </ClCompile>
    <ClCompile Include="Source\PackFile.cpp">
      <Filter>Исходные файлы</Filter>
    </ClCompile>
    <ClCompile Include="Source\ProCirculateCC.cpp">
      <Filter>Исходные файлы</Filter>
    </ClCompile>
    <ClCompile Include="Source\ProCirculateCS.cpp">
      <Filter>Исходные файлы</Filter>
    </ClCompile>
    <ClCompile Include="Source\RecruitMemberData.cpp">
      <Filter>Исходные файлы</Filter>
    </ClCompile>
    <ClCompile Include="Source\RecruitMembersMgr.cpp">
      <Filter>Исходные файлы</Filter>
    </ClCompile>
    <ClCompile Include="Source\RenderStateMgr.cpp">
      <Filter>Исходные файлы</Filter>
    </ClCompile>
    <ClCompile Include="Source\Scene.cpp">
      <Filter>Исходные файлы</Filter>
    </ClCompile>
    <ClCompile Include="Source\SceneArea.cpp">
      <Filter>Исходные файлы</Filter>
    </ClCompile>
    <ClCompile Include="Source\SceneCreateNode.cpp">
      <Filter>Исходные файлы</Filter>
    </ClCompile>
    <ClCompile Include="Source\SceneFrameMove.cpp">
      <Filter>Исходные файлы</Filter>
    </ClCompile>
    <ClCompile Include="Source\SceneItem.cpp">
      <Filter>Исходные файлы</Filter>
    </ClCompile>
    <ClCompile Include="Source\SceneLight.cpp">
      <Filter>Исходные файлы</Filter>
    </ClCompile>
    <ClCompile Include="Source\SceneMsg.cpp">
      <Filter>Исходные файлы</Filter>
    </ClCompile>
    <ClCompile Include="Source\SceneNode.cpp">
      <Filter>Исходные файлы</Filter>
    </ClCompile>
    <ClCompile Include="Source\SceneObj.cpp">
      <Filter>Исходные файлы</Filter>
    </ClCompile>
    <ClCompile Include="Source\SceneObjFile.cpp">
      <Filter>Исходные файлы</Filter>
    </ClCompile>
    <ClCompile Include="Source\SceneRender.cpp">
      <Filter>Исходные файлы</Filter>
    </ClCompile>
    <ClCompile Include="Source\SceneScript.cpp">
      <Filter>Исходные файлы</Filter>
    </ClCompile>
    <ClCompile Include="Source\SceneSign.cpp">
      <Filter>Исходные файлы</Filter>
    </ClCompile>
    <ClCompile Include="Source\Script.cpp">
      <Filter>Исходные файлы</Filter>
    </ClCompile>
    <ClCompile Include="Source\SelectChaScene.cpp">
      <Filter>Исходные файлы</Filter>
    </ClCompile>
    <ClCompile Include="Source\ShipFactory.cpp">
      <Filter>Исходные файлы</Filter>
    </ClCompile>
    <ClCompile Include="Source\SMallMap.cpp">
      <Filter>Исходные файлы</Filter>
    </ClCompile>
    <ClCompile Include="Source\SoundCommon.cpp">
      <Filter>Исходные файлы</Filter>
    </ClCompile>
    <ClCompile Include="Source\state_reading.cpp">
      <Filter>Исходные файлы</Filter>
    </ClCompile>
    <ClCompile Include="Source\STAttack.cpp">
      <Filter>Исходные файлы</Filter>
    </ClCompile>
    <ClCompile Include="Source\stdafx.cpp">
      <Filter>Исходные файлы</Filter>
    </ClCompile>
    <ClCompile Include="Source\SteadyFrame.cpp">
      <Filter>Исходные файлы</Filter>
    </ClCompile>
    <ClCompile Include="Source\STMove.cpp">
      <Filter>Исходные файлы</Filter>
    </ClCompile>
    <ClCompile Include="Source\STNpcTalk.cpp">
      <Filter>Исходные файлы</Filter>
    </ClCompile>
    <ClCompile Include="Source\STPose.cpp">
      <Filter>Исходные файлы</Filter>
    </ClCompile>
    <ClCompile Include="Source\STReadyDie.cpp">
      <Filter>Исходные файлы</Filter>
    </ClCompile>
    <ClCompile Include="Source\STSeat.cpp">
      <Filter>Исходные файлы</Filter>
    </ClCompile>
    <ClCompile Include="Source\STStateObj.cpp">
      <Filter>Исходные файлы</Filter>
    </ClCompile>
    <ClCompile Include="Source\TalkSessionFormMgr.cpp">
      <Filter>Исходные файлы</Filter>
    </ClCompile>
    <ClCompile Include="Source\TeamInviteFormMgr.cpp">
      <Filter>Исходные файлы</Filter>
    </ClCompile>
    <ClCompile Include="Source\TestDemo.cpp">
      <Filter>Исходные файлы</Filter>
    </ClCompile>
    <ClCompile Include="Source\ThreadBase.cpp">
      <Filter>Исходные файлы</Filter>
    </ClCompile>
    <ClCompile Include="Source\Tools.cpp">
      <Filter>Исходные файлы</Filter>
    </ClCompile>
    <ClCompile Include="Source\UI3DCompent.cpp">
      <Filter>Исходные файлы</Filter>
    </ClCompile>
    <ClCompile Include="Source\UIBankForm.cpp">
      <Filter>Исходные файлы</Filter>
    </ClCompile>
    <ClCompile Include="Source\UIBoatForm.cpp">
      <Filter>Исходные файлы</Filter>
    </ClCompile>
    <ClCompile Include="Source\UIBoothForm.cpp">
      <Filter>Исходные файлы</Filter>
    </ClCompile>
    <ClCompile Include="Source\UIBourseForm.cpp">
      <Filter>Исходные файлы</Filter>
    </ClCompile>
    <ClCompile Include="Source\UIBoxForm.cpp">
      <Filter>Исходные файлы</Filter>
    </ClCompile>
    <ClCompile Include="Source\UIBreakForm.cpp">
      <Filter>Исходные файлы</Filter>
    </ClCompile>
    <ClCompile Include="Source\UIChat.cpp">
      <Filter>Исходные файлы</Filter>
    </ClCompile>
    <ClCompile Include="Source\UICheckBox.cpp">
      <Filter>Исходные файлы</Filter>
    </ClCompile>
    <ClCompile Include="Source\UICheckBoxItem.cpp">
      <Filter>Исходные файлы</Filter>
    </ClCompile>
    <ClCompile Include="Source\UIChurchChallenge.cpp">
      <Filter>Исходные файлы</Filter>
    </ClCompile>
    <ClCompile Include="Source\UICloneForm.cpp">
      <Filter>Исходные файлы</Filter>
    </ClCompile>
    <ClCompile Include="Source\UICombo.cpp">
      <Filter>Исходные файлы</Filter>
    </ClCompile>
    <ClCompile Include="Source\UICommand.cpp">
      <Filter>Исходные файлы</Filter>
    </ClCompile>
    <ClCompile Include="Source\UICommandCompent.cpp">
      <Filter>Исходные файлы</Filter>
    </ClCompile>
    <ClCompile Include="Source\UICompent.cpp">
      <Filter>Исходные файлы</Filter>
    </ClCompile>
    <ClCompile Include="Source\UIComposeForm.cpp">
      <Filter>Исходные файлы</Filter>
    </ClCompile>
    <ClCompile Include="Source\UICookingForm.cpp">
      <Filter>Исходные файлы</Filter>
    </ClCompile>
    <ClCompile Include="Source\UICozeForm.cpp">
      <Filter>Исходные файлы</Filter>
    </ClCompile>
    <ClCompile Include="Source\UICursor.cpp">
      <Filter>Исходные файлы</Filter>
    </ClCompile>
    <ClCompile Include="Source\UIDoublePwdForm.cpp">
      <Filter>Исходные файлы</Filter>
    </ClCompile>
    <ClCompile Include="Source\UIDragTitle.cpp">
      <Filter>Исходные файлы</Filter>
    </ClCompile>
    <ClCompile Include="Source\UIEdit.cpp">
      <Filter>Исходные файлы</Filter>
    </ClCompile>
    <ClCompile Include="Source\UIEditData.cpp">
      <Filter>Исходные файлы</Filter>
    </ClCompile>
    <ClCompile Include="Source\UIEditKey.cpp">
      <Filter>Исходные файлы</Filter>
    </ClCompile>
    <ClCompile Include="Source\UIEditor.cpp">
      <Filter>Исходные файлы</Filter>
    </ClCompile>
    <ClCompile Include="Source\UIEditStrategy.cpp">
      <Filter>Исходные файлы</Filter>
    </ClCompile>
    <ClCompile Include="Source\UIEquipForm.cpp">
      <Filter>Исходные файлы</Filter>
    </ClCompile>
    <ClCompile Include="Source\UIFastCommand.cpp">
      <Filter>Исходные файлы</Filter>
    </ClCompile>
    <ClCompile Include="Source\UIFindTeamForm.cpp">
      <Filter>Исходные файлы</Filter>
    </ClCompile>
    <ClCompile Include="Source\UIFont.cpp">
      <Filter>Исходные файлы</Filter>
    </ClCompile>
    <ClCompile Include="Source\UIForgeForm.cpp">
      <Filter>Исходные файлы</Filter>
    </ClCompile>
    <ClCompile Include="Source\UIForm.cpp">
      <Filter>Исходные файлы</Filter>
    </ClCompile>
    <ClCompile Include="Source\UIFormMgr.cpp">
      <Filter>Исходные файлы</Filter>
    </ClCompile>
    <ClCompile Include="Source\UIFoundForm.cpp">
      <Filter>Исходные файлы</Filter>
    </ClCompile>
    <ClCompile Include="Source\UIGlobalVar.cpp">
      <Filter>Исходные файлы</Filter>
    </ClCompile>
    <ClCompile Include="Source\UIGoodsGrid.cpp">
      <Filter>Исходные файлы</Filter>
    </ClCompile>
    <ClCompile Include="Source\UIGraph.cpp">
      <Filter>Исходные файлы</Filter>
    </ClCompile>
    <ClCompile Include="Source\UIGrid.cpp">
      <Filter>Исходные файлы</Filter>
    </ClCompile>
    <ClCompile Include="Source\UIGuiData.cpp">
      <Filter>Исходные файлы</Filter>
    </ClCompile>
    <ClCompile Include="Source\UIGuildApply.cpp">
      <Filter>Исходные файлы</Filter>
    </ClCompile>
    <ClCompile Include="Source\UIGuildBankForm.cpp">
      <Filter>Исходные файлы</Filter>
    </ClCompile>
    <ClCompile Include="Source\UIGuildChallengeForm.cpp">
      <Filter>Исходные файлы</Filter>
    </ClCompile>
    <ClCompile Include="Source\UIGuildList.cpp">
      <Filter>Исходные файлы</Filter>
    </ClCompile>
    <ClCompile Include="Source\UIGuildMgr.cpp">
      <Filter>Исходные файлы</Filter>
    </ClCompile>
    <ClCompile Include="Source\UIHaircutForm.cpp">
      <Filter>Исходные файлы</Filter>
    </ClCompile>
    <ClCompile Include="Source\UIHeadSay.cpp">
      <Filter>Исходные файлы</Filter>
    </ClCompile>
    <ClCompile Include="Source\UIHelpInfoForm.cpp">
      <Filter>Исходные файлы</Filter>
    </ClCompile>
    <ClCompile Include="Source\UIImage.cpp">
      <Filter>Исходные файлы</Filter>
    </ClCompile>
    <ClCompile Include="Source\UIImeInput.cpp">
      <Filter>Исходные файлы</Filter>
    </ClCompile>
    <ClCompile Include="Source\UIItem.cpp">
      <Filter>Исходные файлы</Filter>
    </ClCompile>
    <ClCompile Include="Source\UIItemCommand.cpp">
      <Filter>Исходные файлы</Filter>
    </ClCompile>
    <ClCompile Include="Source\UILabel.cpp">
      <Filter>Исходные файлы</Filter>
    </ClCompile>
    <ClCompile Include="Source\UIList.cpp">
      <Filter>Исходные файлы</Filter>
    </ClCompile>
    <ClCompile Include="Source\UIListView.cpp">
      <Filter>Исходные файлы</Filter>
    </ClCompile>
    <ClCompile Include="Source\UIMailForm.cpp">
      <Filter>Исходные файлы</Filter>
    </ClCompile>
    <ClCompile Include="Source\UIMakeEquipForm.cpp">
      <Filter>Исходные файлы</Filter>
    </ClCompile>
    <ClCompile Include="Source\UIMemo.cpp">
      <Filter>Исходные файлы</Filter>
    </ClCompile>
    <ClCompile Include="Source\UIMenu.cpp">
      <Filter>Исходные файлы</Filter>
    </ClCompile>
    <ClCompile Include="Source\UIMinimapForm.cpp">
      <Filter>Исходные файлы</Filter>
    </ClCompile>
    <ClCompile Include="Source\UIMisLogForm.cpp">
      <Filter>Исходные файлы</Filter>
    </ClCompile>
    <ClCompile Include="Source\UIMissionForm.cpp">
      <Filter>Исходные файлы</Filter>
    </ClCompile>
    <ClCompile Include="Source\UINpcTalkForm.cpp">
      <Filter>Исходные файлы</Filter>
    </ClCompile>
    <ClCompile Include="Source\UINpcTradeForm.cpp">
      <Filter>Исходные файлы</Filter>
    </ClCompile>
    <ClCompile Include="Source\UINumAnswer.cpp">
      <Filter>Исходные файлы</Filter>
    </ClCompile>
    <ClCompile Include="Source\UIPage.cpp">
      <Filter>Исходные файлы</Filter>
    </ClCompile>
    <ClCompile Include="Source\UIPicList.cpp">
      <Filter>Исходные файлы</Filter>
    </ClCompile>
    <ClCompile Include="Source\UIPicture.cpp">
      <Filter>Исходные файлы</Filter>
    </ClCompile>
    <ClCompile Include="Source\UIPKDialog.cpp">
      <Filter>Исходные файлы</Filter>
    </ClCompile>
    <ClCompile Include="Source\UIPKSilverForm.cpp">
      <Filter>Исходные файлы</Filter>
    </ClCompile>
    <ClCompile Include="Source\UIProgressBar.cpp">
      <Filter>Исходные файлы</Filter>
    </ClCompile>
    <ClCompile Include="Source\UIPurifyForm.cpp">
      <Filter>Исходные файлы</Filter>
    </ClCompile>
    <ClCompile Include="Source\UIRender.cpp">
      <Filter>Исходные файлы</Filter>
    </ClCompile>
    <ClCompile Include="Source\UIRichEdit.cpp">
      <Filter>Исходные файлы</Filter>
    </ClCompile>
    <ClCompile Include="Source\UIScript.cpp">
      <Filter>Исходные файлы</Filter>
    </ClCompile>
    <ClCompile Include="Source\UIScroll.cpp">
      <Filter>Исходные файлы</Filter>
    </ClCompile>
    <ClCompile Include="Source\UISkillCommand.cpp">
      <Filter>Исходные файлы</Filter>
    </ClCompile>
    <ClCompile Include="Source\UISkillList.cpp">
      <Filter>Исходные файлы</Filter>
    </ClCompile>
    <ClCompile Include="Source\UISpiritForm.cpp">
      <Filter>Исходные файлы</Filter>
    </ClCompile>
    <ClCompile Include="Source\UIStartForm.cpp">
      <Filter>Исходные файлы</Filter>
    </ClCompile>
    <ClCompile Include="Source\UIStateForm.cpp">
      <Filter>Исходные файлы</Filter>
    </ClCompile>
    <ClCompile Include="Source\UIStoreForm.cpp">
      <Filter>Исходные файлы</Filter>
    </ClCompile>
    <ClCompile Include="Source\UISystemForm.cpp">
      <Filter>Исходные файлы</Filter>
    </ClCompile>
    <ClCompile Include="Source\UITeam.cpp">
      <Filter>Исходные файлы</Filter>
    </ClCompile>
    <ClCompile Include="Source\UITextButton.cpp">
      <Filter>Исходные файлы</Filter>
    </ClCompile>
    <ClCompile Include="Source\UITextParse.cpp">
      <Filter>Исходные файлы</Filter>
    </ClCompile>
    <ClCompile Include="Source\UITitle.cpp">
      <Filter>Исходные файлы</Filter>
    </ClCompile>
    <ClCompile Include="Source\UITradeForm.cpp">
      <Filter>Исходные файлы</Filter>
    </ClCompile>
    <ClCompile Include="Source\UITreeView.cpp">
      <Filter>Исходные файлы</Filter>
    </ClCompile>
    <ClCompile Include="Source\WorldScene.cpp">
      <Filter>Исходные файлы</Filter>
    </ClCompile>
  </ItemGroup>
  <ItemGroup>
    <ClInclude Include="Include\Actor.h">
      <Filter>Файлы заголовков</Filter>
    </ClInclude>
    <ClInclude Include="Include\Algo.h">
      <Filter>Файлы заголовков</Filter>
    </ClInclude>
    <ClInclude Include="Include\ArcTrack.h">
      <Filter>Файлы заголовков</Filter>
    </ClInclude>
    <ClInclude Include="Include\AudioThread.h">
      <Filter>Файлы заголовков</Filter>
    </ClInclude>
    <ClInclude Include="Include\AutoAttack.h">
      <Filter>Файлы заголовков</Filter>
    </ClInclude>
    <ClInclude Include="Include\bass.h">
      <Filter>Файлы заголовков</Filter>
    </ClInclude>
    <ClInclude Include="Include\BassLoader.h">
      <Filter>Файлы заголовков</Filter>
    </ClInclude>
    <ClInclude Include="Include\BassMusicInterface.h">
      <Filter>Файлы заголовков</Filter>
    </ClInclude>
    <ClInclude Include="Include\BoolSet.h">
      <Filter>Файлы заголовков</Filter>
    </ClInclude>
    <ClInclude Include="Include\CameraCtrl.h">
      <Filter>Файлы заголовков</Filter>
    </ClInclude>
    <ClInclude Include="Include\ChaClientAttr.h">
      <Filter>Файлы заголовков</Filter>
    </ClInclude>
    <ClInclude Include="Include\ChaCreateSet.h">
      <Filter>Файлы заголовков</Filter>
    </ClInclude>
    <ClInclude Include="Include\Character.h">
      <Filter>Файлы заголовков</Filter>
    </ClInclude>
    <ClInclude Include="Include\CharacterAction.h">
      <Filter>Файлы заголовков</Filter>
    </ClInclude>
    <ClInclude Include="Include\CharacterModel.h">
      <Filter>Файлы заголовков</Filter>
    </ClInclude>
    <ClInclude Include="Include\CharacterPoseSet.h">
      <Filter>Файлы заголовков</Filter>
    </ClInclude>
    <ClInclude Include="Include\ChaState.h">
      <Filter>Файлы заголовков</Filter>
    </ClInclude>
    <ClInclude Include="Include\ChatIconSet.h">
      <Filter>Файлы заголовков</Filter>
    </ClInclude>
    <ClInclude Include="Include\ChatRecord.h">
      <Filter>Файлы заголовков</Filter>
    </ClInclude>
    <ClInclude Include="Include\Connection.h">
      <Filter>Файлы заголовков</Filter>
    </ClInclude>
    <ClInclude Include="Include\CRCircle.h">
      <Filter>Файлы заголовков</Filter>
    </ClInclude>
    <ClInclude Include="Include\CRCursor.h">
      <Filter>Файлы заголовков</Filter>
    </ClInclude>
    <ClInclude Include="Include\CRCursorObj.h">
      <Filter>Файлы заголовков</Filter>
    </ClInclude>
    <ClInclude Include="Include\CreateChaScene.h">
      <Filter>Файлы заголовков</Filter>
    </ClInclude>
    <ClInclude Include="Include\d3des.h">
      <Filter>Файлы заголовков</Filter>
    </ClInclude>
    <ClInclude Include="Include\DrawPointList.h">
      <Filter>Файлы заголовков</Filter>
    </ClInclude>
    <ClInclude Include="Include\DSoundInstance.h">
      <Filter>Файлы заголовков</Filter>
    </ClInclude>
    <ClInclude Include="Include\DSoundManager.h">
      <Filter>Файлы заголовков</Filter>
    </ClInclude>
    <ClInclude Include="Include\EffDelay.h">
      <Filter>Файлы заголовков</Filter>
    </ClInclude>
    <ClInclude Include="Include\EffectObj.h">
      <Filter>Файлы заголовков</Filter>
    </ClInclude>
    <ClInclude Include="Include\EffectSet.h">
      <Filter>Файлы заголовков</Filter>
    </ClInclude>
    <ClInclude Include="Include\ElfSkillSet.h">
      <Filter>Файлы заголовков</Filter>
    </ClInclude>
    <ClInclude Include="Include\Event.h">
      <Filter>Файлы заголовков</Filter>
    </ClInclude>
    <ClInclude Include="Include\EventSoundSet.h">
      <Filter>Файлы заголовков</Filter>
    </ClInclude>
    <ClInclude Include="Include\FindPath.h">
      <Filter>Файлы заголовков</Filter>
    </ClInclude>
    <ClInclude Include="Include\FrndInviteFormMgr.h">
      <Filter>Файлы заголовков</Filter>
    </ClInclude>
    <ClInclude Include="Include\GameApp.h">
      <Filter>Файлы заголовков</Filter>
    </ClInclude>
    <ClInclude Include="Include\GameAppMsg.h">
      <Filter>Файлы заголовков</Filter>
    </ClInclude>
    <ClInclude Include="Include\GameConfig.h">
      <Filter>Файлы заголовков</Filter>
    </ClInclude>
    <ClInclude Include="Include\GameLoading.h">
      <Filter>Файлы заголовков</Filter>
    </ClInclude>
    <ClInclude Include="Include\GameMovie.h">
      <Filter>Файлы заголовков</Filter>
    </ClInclude>
    <ClInclude Include="Include\GameWG.h">
      <Filter>Файлы заголовков</Filter>
    </ClInclude>
    <ClInclude Include="Include\GlobalVar.h">
      <Filter>Файлы заголовков</Filter>
    </ClInclude>
    <ClInclude Include="Include\GuildData.h">
      <Filter>Файлы заголовков</Filter>
    </ClInclude>
    <ClInclude Include="Include\GuildListData.h">
      <Filter>Файлы заголовков</Filter>
    </ClInclude>
    <ClInclude Include="Include\GuildListMgr.h">
      <Filter>Файлы заголовков</Filter>
    </ClInclude>
    <ClInclude Include="Include\GuildMemberData.h">
      <Filter>Файлы заголовков</Filter>
    </ClInclude>
    <ClInclude Include="Include\GuildMembersMgr.h">
      <Filter>Файлы заголовков</Filter>
    </ClInclude>
    <ClInclude Include="Include\HairTool.h">
      <Filter>Файлы заголовков</Filter>
    </ClInclude>
    <ClInclude Include="Include\helpinfoset.h">
      <Filter>Файлы заголовков</Filter>
    </ClInclude>
    <ClInclude Include="Include\HMAttack.h">
      <Filter>Файлы заголовков</Filter>
    </ClInclude>
    <ClInclude Include="Include\HMManage.h">
      <Filter>Файлы заголовков</Filter>
    </ClInclude>
    <ClInclude Include="Include\HMSynchroObj.h">
      <Filter>Файлы заголовков</Filter>
    </ClInclude>
    <ClInclude Include="Include\IAudioPlayer.h">
      <Filter>Файлы заголовков</Filter>
    </ClInclude>
    <ClInclude Include="Include\IMusicThread.h">
      <Filter>Файлы заголовков</Filter>
    </ClInclude>
    <ClInclude Include="Include\InputBox.h">
      <Filter>Файлы заголовков</Filter>
    </ClInclude>
    <ClInclude Include="Include\IsSkillUse.h">
      <Filter>Файлы заголовков</Filter>
    </ClInclude>
    <ClInclude Include="Include\ItemLit.h">
      <Filter>Файлы заголовков</Filter>
    </ClInclude>
    <ClInclude Include="Include\ItemLitAnim.h">
      <Filter>Файлы заголовков</Filter>
    </ClInclude>
    <ClInclude Include="Include\ItemPreSet.h">
      <Filter>Файлы заголовков</Filter>
    </ClInclude>
    <ClInclude Include="Include\ItemRefineEffectSet.h">
      <Filter>Файлы заголовков</Filter>
    </ClInclude>
    <ClInclude Include="Include\ItemRefineSet.h">
      <Filter>Файлы заголовков</Filter>
    </ClInclude>
    <ClInclude Include="Include\ItemTypeSet.h">
      <Filter>Файлы заголовков</Filter>
    </ClInclude>
    <ClInclude Include="Include\Language.h">
      <Filter>Файлы заголовков</Filter>
    </ClInclude>
    <ClInclude Include="Include\LitLoad.h">
      <Filter>Файлы заголовков</Filter>
    </ClInclude>
    <ClInclude Include="Include\LoginScene.h">
      <Filter>Файлы заголовков</Filter>
    </ClInclude>
    <ClInclude Include="Include\LootFilter.h">
      <Filter>Файлы заголовков</Filter>
    </ClInclude>
    <ClInclude Include="Include\lua_app.h">
      <Filter>Файлы заголовков</Filter>
    </ClInclude>
    <ClInclude Include="Include\lua_camera.h">
      <Filter>Файлы заголовков</Filter>
    </ClInclude>
    <ClInclude Include="Include\lua_input.h">
      <Filter>Файлы заголовков</Filter>
    </ClInclude>
    <ClInclude Include="Include\lua_network.h">
      <Filter>Файлы заголовков</Filter>
    </ClInclude>
    <ClInclude Include="Include\lua_object.h">
      <Filter>Файлы заголовков</Filter>
    </ClInclude>
    <ClInclude Include="Include\lua_platform.h">
      <Filter>Файлы заголовков</Filter>
    </ClInclude>
    <ClInclude Include="Include\lua_scene.h">
      <Filter>Файлы заголовков</Filter>
    </ClInclude>
    <ClInclude Include="Include\lua_ui.h">
      <Filter>Файлы заголовков</Filter>
    </ClInclude>
    <ClInclude Include="Include\lua_util.h">
      <Filter>Файлы заголовков</Filter>
    </ClInclude>
    <ClInclude Include="Include\LuaInterface.h">
      <Filter>Файлы заголовков</Filter>
    </ClInclude>
    <ClInclude Include="Include\Main.h">
      <Filter>Файлы заголовков</Filter>
    </ClInclude>
    <ClInclude Include="Include\MapSet.h">
      <Filter>Файлы заголовков</Filter>
    </ClInclude>
    <ClInclude Include="Include\MonsterSet.h">
      <Filter>Файлы заголовков</Filter>
    </ClInclude>
    <ClInclude Include="Include\MouseDown.h">
      <Filter>Файлы заголовков</Filter>
    </ClInclude>
    <ClInclude Include="Include\MPEditor.h">
      <Filter>Файлы заголовков</Filter>
    </ClInclude>
    <ClInclude Include="Include\MusicInterface.h">
      <Filter>Файлы заголовков</Filter>
    </ClInclude>
    <ClInclude Include="Include\MusicSet.h">
      <Filter>Файлы заголовков</Filter>
    </ClInclude>
    <ClInclude Include="Include\NetChat.h">
      <Filter>Файлы заголовков</Filter>
    </ClInclude>
    <ClInclude Include="Include\NetGuild.h">
      <Filter>Файлы заголовков</Filter>
    </ClInclude>
    <ClInclude Include="Include\NetIF.h">
      <Filter>Файлы заголовков</Filter>
    </ClInclude>
    <ClInclude Include="Include\NetProtocol.h">
      <Filter>Файлы заголовков</Filter>
    </ClInclude>
    <ClInclude Include="Include\notifyset.h">
      <Filter>Файлы заголовков</Filter>
    </ClInclude>
    <ClInclude Include="Include\NPCHelper.h">
      <Filter>Файлы заголовков</Filter>
    </ClInclude>
    <ClInclude Include="Include\PacketCmd.h">
      <Filter>Файлы заголовков</Filter>
    </ClInclude>
    <ClInclude Include="Include\PackFile.h">
      <Filter>Файлы заголовков</Filter>
    </ClInclude>
    <ClInclude Include="Include\ProCirculate.h">
      <Filter>Файлы заголовков</Filter>
    </ClInclude>
    <ClInclude Include="Include\publicfun.h">
      <Filter>Файлы заголовков</Filter>
    </ClInclude>
    <ClInclude Include="Include\RecruitMemberData.h">
      <Filter>Файлы заголовков</Filter>
    </ClInclude>
    <ClInclude Include="Include\RecruitMembersMgr.h">
      <Filter>Файлы заголовков</Filter>
    </ClInclude>
    <ClInclude Include="Include\RenderStateMgr.h">
      <Filter>Файлы заголовков</Filter>
    </ClInclude>
    <ClInclude Include="Include\Resource.h">
      <Filter>Файлы заголовков</Filter>
    </ClInclude>
    <ClInclude Include="Include\Scene.h">
      <Filter>Файлы заголовков</Filter>
    </ClInclude>
    <ClInclude Include="Include\SceneArea.h">
      <Filter>Файлы заголовков</Filter>
    </ClInclude>
    <ClInclude Include="Include\SceneHeight.h">
      <Filter>Файлы заголовков</Filter>
    </ClInclude>
    <ClInclude Include="Include\SceneItem.h">
      <Filter>Файлы заголовков</Filter>
    </ClInclude>
    <ClInclude Include="Include\SceneItemSet.h">
      <Filter>Файлы заголовков</Filter>
    </ClInclude>
    <ClInclude Include="Include\SceneLight.h">
      <Filter>Файлы заголовков</Filter>
    </ClInclude>
    <ClInclude Include="Include\SceneNode.h">
      <Filter>Файлы заголовков</Filter>
    </ClInclude>
    <ClInclude Include="Include\SceneObj.h">
      <Filter>Файлы заголовков</Filter>
    </ClInclude>
    <ClInclude Include="Include\SceneObjFile.h">
      <Filter>Файлы заголовков</Filter>
    </ClInclude>
    <ClInclude Include="Include\SceneObjSet.h">
      <Filter>Файлы заголовков</Filter>
    </ClInclude>
    <ClInclude Include="Include\SceneSign.h">
      <Filter>Файлы заголовков</Filter>
    </ClInclude>
    <ClInclude Include="Include\Script.h">
      <Filter>Файлы заголовков</Filter>
    </ClInclude>
    <ClInclude Include="Include\SelectChaScene.h">
      <Filter>Файлы заголовков</Filter>
    </ClInclude>
    <ClInclude Include="Include\ServerSet.h">
      <Filter>Файлы заголовков</Filter>
    </ClInclude>
    <ClInclude Include="Include\ShipFactory.h">
      <Filter>Файлы заголовков</Filter>
    </ClInclude>
    <ClInclude Include="Include\SMallMap.h">
      <Filter>Файлы заголовков</Filter>
    </ClInclude>
    <ClInclude Include="Include\SoundCommon.h">
      <Filter>Файлы заголовков</Filter>
    </ClInclude>
    <ClInclude Include="Include\SoundInstance.h">
      <Filter>Файлы заголовков</Filter>
    </ClInclude>
    <ClInclude Include="Include\SoundManager.h">
      <Filter>Файлы заголовков</Filter>
    </ClInclude>
    <ClInclude Include="Include\state_reading.h">
      <Filter>Файлы заголовков</Filter>
    </ClInclude>
    <ClInclude Include="Include\STAttack.h">
      <Filter>Файлы заголовков</Filter>
    </ClInclude>
    <ClInclude Include="Include\stdafx.h">
      <Filter>Файлы заголовков</Filter>
    </ClInclude>
    <ClInclude Include="Include\SteadyFrame.h">
      <Filter>Файлы заголовков</Filter>
    </ClInclude>
    <ClInclude Include="Include\STMove.h">
      <Filter>Файлы заголовков</Filter>
    </ClInclude>
    <ClInclude Include="Include\STNpcTalk.h">
      <Filter>Файлы заголовков</Filter>
    </ClInclude>
    <ClInclude Include="Include\StoneSet.h">
      <Filter>Файлы заголовков</Filter>
    </ClInclude>
    <ClInclude Include="Include\STPose.h">
      <Filter>Файлы заголовков</Filter>
    </ClInclude>
    <ClInclude Include="Include\STReadyDie.h">
      <Filter>Файлы заголовков</Filter>
    </ClInclude>
    <ClInclude Include="Include\STSeat.h">
      <Filter>Файлы заголовков</Filter>
    </ClInclude>
    <ClInclude Include="Include\STStateObj.h">
      <Filter>Файлы заголовков</Filter>
    </ClInclude>
    <ClInclude Include="Include\TalkSessionFormMgr.h">
      <Filter>Файлы заголовков</Filter>
    </ClInclude>
    <ClInclude Include="Include\TeamInviteFormMgr.h">
      <Filter>Файлы заголовков</Filter>
    </ClInclude>
    <ClInclude Include="Include\TestDemo.h">
      <Filter>Файлы заголовков</Filter>
    </ClInclude>
    <ClInclude Include="Include\ThreadBase.h">
      <Filter>Файлы заголовков</Filter>
    </ClInclude>
    <ClInclude Include="Include\Tools.h">
      <Filter>Файлы заголовков</Filter>
    </ClInclude>
    <ClInclude Include="Include\Track.h">
      <Filter>Файлы заголовков</Filter>
    </ClInclude>
    <ClInclude Include="Include\UI3DCompent.h">
      <Filter>Файлы заголовков</Filter>
    </ClInclude>
    <ClInclude Include="Include\UIBankForm.h">
      <Filter>Файлы заголовков</Filter>
    </ClInclude>
    <ClInclude Include="Include\UIBoatForm.h">
      <Filter>Файлы заголовков</Filter>
    </ClInclude>
    <ClInclude Include="Include\UIBoothForm.h">
      <Filter>Файлы заголовков</Filter>
    </ClInclude>
    <ClInclude Include="Include\UIBourseForm.h">
      <Filter>Файлы заголовков</Filter>
    </ClInclude>
    <ClInclude Include="Include\UIBoxForm.h">
      <Filter>Файлы заголовков</Filter>
    </ClInclude>
    <ClInclude Include="Include\UIBreakForm.h">
      <Filter>Файлы заголовков</Filter>
    </ClInclude>
    <ClInclude Include="Include\UIChat.h">
      <Filter>Файлы заголовков</Filter>
    </ClInclude>
    <ClInclude Include="Include\UICheckBox.h">
      <Filter>Файлы заголовков</Filter>
    </ClInclude>
    <ClInclude Include="Include\UICheckBoxItem.h">
      <Filter>Файлы заголовков</Filter>
    </ClInclude>
    <ClInclude Include="Include\UIChurchChallenge.h">
      <Filter>Файлы заголовков</Filter>
    </ClInclude>
    <ClInclude Include="Include\UICloneForm.h">
      <Filter>Файлы заголовков</Filter>
    </ClInclude>
    <ClInclude Include="Include\UICombo.h">
      <Filter>Файлы заголовков</Filter>
    </ClInclude>
    <ClInclude Include="Include\UICommand.h">
      <Filter>Файлы заголовков</Filter>
    </ClInclude>
    <ClInclude Include="Include\UICommandCompent.h">
      <Filter>Файлы заголовков</Filter>
    </ClInclude>
    <ClInclude Include="Include\UICompent.h">
      <Filter>Файлы заголовков</Filter>
    </ClInclude>
    <ClInclude Include="Include\UIComposeForm.h">
      <Filter>Файлы заголовков</Filter>
    </ClInclude>
    <ClInclude Include="Include\UICookingForm.h">
      <Filter>Файлы заголовков</Filter>
    </ClInclude>
    <ClInclude Include="Include\UICozeForm.h">
      <Filter>Файлы заголовков</Filter>
    </ClInclude>
    <ClInclude Include="Include\UICursor.h">
      <Filter>Файлы заголовков</Filter>
    </ClInclude>
    <ClInclude Include="Include\UIDoublePwdForm.h">
      <Filter>Файлы заголовков</Filter>
    </ClInclude>
    <ClInclude Include="Include\UIDragTitle.h">
      <Filter>Файлы заголовков</Filter>
    </ClInclude>
    <ClInclude Include="Include\UIEdit.h">
      <Filter>Файлы заголовков</Filter>
    </ClInclude>
    <ClInclude Include="Include\UIEditData.h">
      <Filter>Файлы заголовков</Filter>
    </ClInclude>
    <ClInclude Include="Include\UIEditKey.h">
      <Filter>Файлы заголовков</Filter>
    </ClInclude>
    <ClInclude Include="Include\UIEditor.h">
      <Filter>Файлы заголовков</Filter>
    </ClInclude>
    <ClInclude Include="Include\UIEditStrategy.h">
      <Filter>Файлы заголовков</Filter>
    </ClInclude>
    <ClInclude Include="Include\UIEquipForm.h">
      <Filter>Файлы заголовков</Filter>
    </ClInclude>
    <ClInclude Include="Include\UIFastCommand.h">
      <Filter>Файлы заголовков</Filter>
    </ClInclude>
    <ClInclude Include="Include\UIFindTeamForm.h">
      <Filter>Файлы заголовков</Filter>
    </ClInclude>
    <ClInclude Include="Include\UIFont.h">
      <Filter>Файлы заголовков</Filter>
    </ClInclude>
    <ClInclude Include="Include\UIForgeForm.h">
      <Filter>Файлы заголовков</Filter>
    </ClInclude>
    <ClInclude Include="Include\UIForm.h">
      <Filter>Файлы заголовков</Filter>
    </ClInclude>
    <ClInclude Include="Include\UIFormMgr.h">
      <Filter>Файлы заголовков</Filter>
    </ClInclude>
    <ClInclude Include="Include\UIFoundForm.h">
      <Filter>Файлы заголовков</Filter>
    </ClInclude>
    <ClInclude Include="Include\UIGlobalVar.h">
      <Filter>Файлы заголовков</Filter>
    </ClInclude>
    <ClInclude Include="Include\UIGoodsGrid.h">
      <Filter>Файлы заголовков</Filter>
    </ClInclude>
    <ClInclude Include="Include\UIGraph.h">
      <Filter>Файлы заголовков</Filter>
    </ClInclude>
    <ClInclude Include="Include\UIGrid.h">
      <Filter>Файлы заголовков</Filter>
    </ClInclude>
    <ClInclude Include="Include\UIGuiData.h">
      <Filter>Файлы заголовков</Filter>
    </ClInclude>
    <ClInclude Include="Include\UIGuildApply.h">
      <Filter>Файлы заголовков</Filter>
    </ClInclude>
    <ClInclude Include="Include\UIGuildBankForm.h">
      <Filter>Файлы заголовков</Filter>
    </ClInclude>
    <ClInclude Include="Include\UIGuildChallengeForm.h">
      <Filter>Файлы заголовков</Filter>
    </ClInclude>
    <ClInclude Include="Include\UIGuildList.h">
      <Filter>Файлы заголовков</Filter>
    </ClInclude>
    <ClInclude Include="Include\UIGuildMgr.h">
      <Filter>Файлы заголовков</Filter>
    </ClInclude>
    <ClInclude Include="Include\UIHaircutForm.h">
      <Filter>Файлы заголовков</Filter>
    </ClInclude>
    <ClInclude Include="Include\UIHeadSay.h">
      <Filter>Файлы заголовков</Filter>
    </ClInclude>
    <ClInclude Include="Include\UIHelpInfoForm.h">
      <Filter>Файлы заголовков</Filter>
    </ClInclude>
    <ClInclude Include="Include\UIImage.h">
      <Filter>Файлы заголовков</Filter>
    </ClInclude>
    <ClInclude Include="Include\UIImeInput.h">
      <Filter>Файлы заголовков</Filter>
    </ClInclude>
    <ClInclude Include="Include\UIItem.h">
      <Filter>Файлы заголовков</Filter>
    </ClInclude>
    <ClInclude Include="Include\UIItemCommand.h">
      <Filter>Файлы заголовков</Filter>
    </ClInclude>
    <ClInclude Include="Include\UILabel.h">
      <Filter>Файлы заголовков</Filter>
    </ClInclude>
    <ClInclude Include="Include\UIList.h">
      <Filter>Файлы заголовков</Filter>
    </ClInclude>
    <ClInclude Include="Include\UIListView.h">
      <Filter>Файлы заголовков</Filter>
    </ClInclude>
    <ClInclude Include="Include\UIMailForm.h">
      <Filter>Файлы заголовков</Filter>
    </ClInclude>
    <ClInclude Include="Include\UIMakeEquipForm.h">
      <Filter>Файлы заголовков</Filter>
    </ClInclude>
    <ClInclude Include="Include\UIMemo.h">
      <Filter>Файлы заголовков</Filter>
    </ClInclude>
    <ClInclude Include="Include\UIMenu.h">
      <Filter>Файлы заголовков</Filter>
    </ClInclude>
    <ClInclude Include="Include\UIMinimapForm.h">
      <Filter>Файлы заголовков</Filter>
    </ClInclude>
    <ClInclude Include="Include\UIMisLogForm.h">
      <Filter>Файлы заголовков</Filter>
    </ClInclude>
    <ClInclude Include="Include\UIMissionForm.h">
      <Filter>Файлы заголовков</Filter>
    </ClInclude>
    <ClInclude Include="Include\UINpcTalkForm.h">
      <Filter>Файлы заголовков</Filter>
    </ClInclude>
    <ClInclude Include="Include\UINpcTradeForm.h">
      <Filter>Файлы заголовков</Filter>
    </ClInclude>
    <ClInclude Include="Include\UINumAnswer.h">
      <Filter>Файлы заголовков</Filter>
    </ClInclude>
    <ClInclude Include="Include\UIPage.h">
      <Filter>Файлы заголовков</Filter>
    </ClInclude>
    <ClInclude Include="Include\UIPicList.h">
      <Filter>Файлы заголовков</Filter>
    </ClInclude>
    <ClInclude Include="Include\UIPicture.h">
      <Filter>Файлы заголовков</Filter>
    </ClInclude>
    <ClInclude Include="Include\UIPKDialog.h">
      <Filter>Файлы заголовков</Filter>
    </ClInclude>
    <ClInclude Include="Include\UIPKSilverForm.h">
      <Filter>Файлы заголовков</Filter>
    </ClInclude>
    <ClInclude Include="Include\UIProgressBar.h">
      <Filter>Файлы заголовков</Filter>
    </ClInclude>
    <ClInclude Include="Include\UIPurifyForm.h">
      <Filter>Файлы заголовков</Filter>
    </ClInclude>
    <ClInclude Include="Include\UIRender.h">
      <Filter>Файлы заголовков</Filter>
    </ClInclude>
    <ClInclude Include="Include\UIRichEdit.h">
      <Filter>Файлы заголовков</Filter>
    </ClInclude>
    <ClInclude Include="Include\UIScript.h">
      <Filter>Файлы заголовков</Filter>
    </ClInclude>
    <ClInclude Include="Include\UIScroll.h">
      <Filter>Файлы заголовков</Filter>
    </ClInclude>
    <ClInclude Include="Include\UISkillCommand.h">
      <Filter>Файлы заголовков</Filter>
    </ClInclude>
    <ClInclude Include="Include\UISkillList.h">
      <Filter>Файлы заголовков</Filter>
    </ClInclude>
    <ClInclude Include="Include\UISpiritForm.h">
      <Filter>Файлы заголовков</Filter>
    </ClInclude>
    <ClInclude Include="Include\UIStartForm.h">
      <Filter>Файлы заголовков</Filter>
    </ClInclude>
    <ClInclude Include="Include\UIStateForm.h">
      <Filter>Файлы заголовков</Filter>
    </ClInclude>
    <ClInclude Include="Include\UIStep.h">
      <Filter>Файлы заголовков</Filter>
    </ClInclude>
    <ClInclude Include="Include\UIStoreForm.h">
      <Filter>Файлы заголовков</Filter>
    </ClInclude>
    <ClInclude Include="Include\UISystemForm.h">
      <Filter>Файлы заголовков</Filter>
    </ClInclude>
    <ClInclude Include="Include\UITeam.h">
      <Filter>Файлы заголовков</Filter>
    </ClInclude>
    <ClInclude Include="Include\UITemplete.h">
      <Filter>Файлы заголовков</Filter>
    </ClInclude>
    <ClInclude Include="Include\UITextButton.h">
      <Filter>Файлы заголовков</Filter>
    </ClInclude>
    <ClInclude Include="Include\UITextParse.h">
      <Filter>Файлы заголовков</Filter>
    </ClInclude>
    <ClInclude Include="Include\UITitle.h">
      <Filter>Файлы заголовков</Filter>
    </ClInclude>
    <ClInclude Include="Include\UITradeForm.h">
      <Filter>Файлы заголовков</Filter>
    </ClInclude>
    <ClInclude Include="Include\UITreeView.h">
      <Filter>Файлы заголовков</Filter>
    </ClInclude>
    <ClInclude Include="Include\WorldScene.h">
      <Filter>Файлы заголовков</Filter>
    </ClInclude>
    <ClInclude Include="Include\xmlwriter.h">
      <Filter>Файлы заголовков</Filter>
    </ClInclude>
    <ClInclude Include="Include\CryptoPacket.h">
      <Filter>Файлы заголовков</Filter>
    </ClInclude>
  </ItemGroup>
  <ItemGroup>
    <Image Include="kop.ico">
      <Filter>Файлы ресурсов</Filter>
    </Image>
    <Image Include="pko.ico">
      <Filter>Файлы ресурсов</Filter>
    </Image>
    <Image Include="small.ico">
      <Filter>Файлы ресурсов</Filter>
    </Image>
  </ItemGroup>
  <ItemGroup>
    <ResourceCompile Include="kop.rc">
      <Filter>Файлы ресурсов</Filter>
    </ResourceCompile>
  </ItemGroup>
</Project>