
Microsoft Visual Studio Solution File, Format Version 12.00
# Visual Studio Version 17
VisualStudioVersion = 17.14.36915.13
MinimumVisualStudioVersion = 10.0.40219.1
Project("{2150E333-8FDC-42A3-9474-1A3956D46DE8}") = "client", "client", "{36D591C7-65C7-A0D1-1CBC-10CDE441BDC8}"
EndProject
Project("{2150E333-8FDC-42A3-9474-1A3956D46DE8}") = "server", "server", "{7FDA5490-04F5-47E3-8A03-DDD1D16D668B}"
EndProject
Project("{2150E333-8FDC-42A3-9474-1A3956D46DE8}") = "common", "common", "{D5AA5E97-5FFD-4297-90C9-051D2882153E}"
EndProject
Project("{8BC9CEB8-8B4A-11D0-8D11-00A0C91BC942}") = "Utils", "common\Utils\Utils.vcxproj", "{168B27B8-51E7-469A-AE84-8912063917B6}"
EndProject
Project("{8BC9CEB8-8B4A-11D0-8D11-00A0C91BC942}") = "Localization", "common\Localization\Localization.vcxproj", "{B5C136EF-FF53-4128-B133-87C0E644C7DC}"
	ProjectSection(ProjectDependencies) = postProject
		{168B27B8-51E7-469A-AE84-8912063917B6} = {168B27B8-51E7-469A-AE84-8912063917B6}
	EndProjectSection
EndProject
Project("{8BC9CEB8-8B4A-11D0-8D11-00A0C91BC942}") = "Network", "common\Network\Network.vcxproj", "{EDE177E5-FFD9-4E48-A5FA-07AD647B7E3E}"
	ProjectSection(ProjectDependencies) = postProject
		{168B27B8-51E7-469A-AE84-8912063917B6} = {168B27B8-51E7-469A-AE84-8912063917B6}
	EndProjectSection
EndProject
Project("{8BC9CEB8-8B4A-11D0-8D11-00A0C91BC942}") = "CryptoLib", "common\CryptoLib\CryptoLib.vcxproj", "{29FB7384-900A-4B91-B2D1-39565091D8B7}"
	ProjectSection(ProjectDependencies) = postProject
		{168B27B8-51E7-469A-AE84-8912063917B6} = {168B27B8-51E7-469A-AE84-8912063917B6}
	EndProjectSection
EndProject
Project("{8BC9CEB8-8B4A-11D0-8D11-00A0C91BC942}") = "Common", "common\Common\Common.vcxproj", "{E6907A2E-A584-4D28-BA4E-B1CF4701147F}"
	ProjectSection(ProjectDependencies) = postProject
		{168B27B8-51E7-469A-AE84-8912063917B6} = {168B27B8-51E7-469A-AE84-8912063917B6}
		{29FB7384-900A-4B91-B2D1-39565091D8B7} = {29FB7384-900A-4B91-B2D1-39565091D8B7}
		{B5C136EF-FF53-4128-B133-87C0E644C7DC} = {B5C136EF-FF53-4128-B133-87C0E644C7DC}
		{EDE177E5-FFD9-4E48-A5FA-07AD647B7E3E} = {EDE177E5-FFD9-4E48-A5FA-07AD647B7E3E}
	EndProjectSection
EndProject
Project("{8BC9CEB8-8B4A-11D0-8D11-00A0C91BC942}") = "AccountServer", "server\AccountServer\AccountServer.vcxproj", "{C84619E8-7845-4975-9B59-7C65E17FEAA8}"
	ProjectSection(ProjectDependencies) = postProject
		{168B27B8-51E7-469A-AE84-8912063917B6} = {168B27B8-51E7-469A-AE84-8912063917B6}
		{29FB7384-900A-4B91-B2D1-39565091D8B7} = {29FB7384-900A-4B91-B2D1-39565091D8B7}
		{B5C136EF-FF53-4128-B133-87C0E644C7DC} = {B5C136EF-FF53-4128-B133-87C0E644C7DC}
		{E6907A2E-A584-4D28-BA4E-B1CF4701147F} = {E6907A2E-A584-4D28-BA4E-B1CF4701147F}
		{EDE177E5-FFD9-4E48-A5FA-07AD647B7E3E} = {EDE177E5-FFD9-4E48-A5FA-07AD647B7E3E}
	EndProjectSection
EndProject
Project("{8BC9CEB8-8B4A-11D0-8D11-00A0C91BC942}") = "GateServer", "server\GateServer\GateServer.vcxproj", "{8CC05E46-4A1D-4D1D-9277-82D79D1F026D}"
	ProjectSection(ProjectDependencies) = postProject
		{168B27B8-51E7-469A-AE84-8912063917B6} = {168B27B8-51E7-469A-AE84-8912063917B6}
		{29FB7384-900A-4B91-B2D1-39565091D8B7} = {29FB7384-900A-4B91-B2D1-39565091D8B7}
		{B5C136EF-FF53-4128-B133-87C0E644C7DC} = {B5C136EF-FF53-4128-B133-87C0E644C7DC}
		{E6907A2E-A584-4D28-BA4E-B1CF4701147F} = {E6907A2E-A584-4D28-BA4E-B1CF4701147F}
		{EDE177E5-FFD9-4E48-A5FA-07AD647B7E3E} = {EDE177E5-FFD9-4E48-A5FA-07AD647B7E3E}
	EndProjectSection
EndProject
Project("{8BC9CEB8-8B4A-11D0-8D11-00A0C91BC942}") = "GroupServer", "server\GroupServer\GroupServer.vcxproj", "{F4B82D13-3966-4E03-9ECA-4B0F65F7672D}"
	ProjectSection(ProjectDependencies) = postProject
		{168B27B8-51E7-469A-AE84-8912063917B6} = {168B27B8-51E7-469A-AE84-8912063917B6}
		{29FB7384-900A-4B91-B2D1-39565091D8B7} = {29FB7384-900A-4B91-B2D1-39565091D8B7}
		{B5C136EF-FF53-4128-B133-87C0E644C7DC} = {B5C136EF-FF53-4128-B133-87C0E644C7DC}
		{E6907A2E-A584-4D28-BA4E-B1CF4701147F} = {E6907A2E-A584-4D28-BA4E-B1CF4701147F}
		{EDE177E5-FFD9-4E48-A5FA-07AD647B7E3E} = {EDE177E5-FFD9-4E48-A5FA-07AD647B7E3E}
	EndProjectSection
EndProject
Project("{8BC9CEB8-8B4A-11D0-8D11-00A0C91BC942}") = "GameServer", "server\GameServer\GameServer.vcxproj", "{702A484B-CCAA-4397-B006-8DC76D9A982C}"
	ProjectSection(ProjectDependencies) = postProject
		{168B27B8-51E7-469A-AE84-8912063917B6} = {168B27B8-51E7-469A-AE84-8912063917B6}
		{29FB7384-900A-4B91-B2D1-39565091D8B7} = {29FB7384-900A-4B91-B2D1-39565091D8B7}
		{B5C136EF-FF53-4128-B133-87C0E644C7DC} = {B5C136EF-FF53-4128-B133-87C0E644C7DC}
		{EDE177E5-FFD9-4E48-A5FA-07AD647B7E3E} = {EDE177E5-FFD9-4E48-A5FA-07AD647B7E3E}
	EndProjectSection
EndProject
Project("{8BC9CEB8-8B4A-11D0-8D11-00A0C91BC942}") = "AudioSDL", "client\AudioSDL\AudioSDL.vcxproj", "{C2BDC2AE-C977-4A0E-B1BD-60D3377A56C4}"
EndProject
Project("{8BC9CEB8-8B4A-11D0-8D11-00A0C91BC942}") = "MindPower3D", "client\MindPower3D\MindPower3D.vcxproj", "{9718BC63-A2A2-4F1B-A5AE-1CB9B5FA0E2D}"
	ProjectSection(ProjectDependencies) = postProject
		{168B27B8-51E7-469A-AE84-8912063917B6} = {168B27B8-51E7-469A-AE84-8912063917B6}
		{29FB7384-900A-4B91-B2D1-39565091D8B7} = {29FB7384-900A-4B91-B2D1-39565091D8B7}
		{B5C136EF-FF53-4128-B133-87C0E644C7DC} = {B5C136EF-FF53-4128-B133-87C0E644C7DC}
		{EDE177E5-FFD9-4E48-A5FA-07AD647B7E3E} = {EDE177E5-FFD9-4E48-A5FA-07AD647B7E3E}
	EndProjectSection
EndProject
Project("{8BC9CEB8-8B4A-11D0-8D11-00A0C91BC942}") = "VimD3DLib", "client\VimD3DLib\VimD3DLib.vcxproj", "{8D630182-B291-4509-8E8D-3EE916DE26EA}"
EndProject
Project("{8BC9CEB8-8B4A-11D0-8D11-00A0C91BC942}") = "Game", "client\Game\Game.vcxproj", "{8F1907E9-7262-457C-970A-D662C317298B}"
	ProjectSection(ProjectDependencies) = postProject
		{168B27B8-51E7-469A-AE84-8912063917B6} = {168B27B8-51E7-469A-AE84-8912063917B6}
		{29FB7384-900A-4B91-B2D1-39565091D8B7} = {29FB7384-900A-4B91-B2D1-39565091D8B7}
		{8D630182-B291-4509-8E8D-3EE916DE26EA} = {8D630182-B291-4509-8E8D-3EE916DE26EA}
		{9718BC63-A2A2-4F1B-A5AE-1CB9B5FA0E2D} = {9718BC63-A2A2-4F1B-A5AE-1CB9B5FA0E2D}
		{B5C136EF-FF53-4128-B133-87C0E644C7DC} = {B5C136EF-FF53-4128-B133-87C0E644C7DC}
		{C2BDC2AE-C977-4A0E-B1BD-60D3377A56C4} = {C2BDC2AE-C977-4A0E-B1BD-60D3377A56C4}
		{E6907A2E-A584-4D28-BA4E-B1CF4701147F} = {E6907A2E-A584-4D28-BA4E-B1CF4701147F}
		{EDE177E5-FFD9-4E48-A5FA-07AD647B7E3E} = {EDE177E5-FFD9-4E48-A5FA-07AD647B7E3E}
	EndProjectSection
EndProject
Project("{F2A71F9B-5D33-465A-A702-920D77279786}") = "FileCleaner", "common\FileCleaner\FileCleaner.fsproj", "{3640980A-4A14-429F-983E-E80471E26A69}"
EndProject
Global
	GlobalSection(SolutionConfigurationPlatforms) = preSolution
		Debug|x64 = Debug|x64
		Debug|x86 = Debug|x86
		Release|x64 = Release|x64
		Release|x86 = Release|x86
	EndGlobalSection
	GlobalSection(ProjectConfigurationPlatforms) = postSolution
		{168B27B8-51E7-469A-AE84-8912063917B6}.Debug|x64.ActiveCfg = Debug|x64
		{168B27B8-51E7-469A-AE84-8912063917B6}.Debug|x64.Build.0 = Debug|x64
		{168B27B8-51E7-469A-AE84-8912063917B6}.Debug|x86.ActiveCfg = Debug|Win32
		{168B27B8-51E7-469A-AE84-8912063917B6}.Debug|x86.Build.0 = Debug|Win32
		{168B27B8-51E7-469A-AE84-8912063917B6}.Release|x64.ActiveCfg = Release|x64
		{168B27B8-51E7-469A-AE84-8912063917B6}.Release|x64.Build.0 = Release|x64
		{168B27B8-51E7-469A-AE84-8912063917B6}.Release|x86.ActiveCfg = Release|Win32
		{168B27B8-51E7-469A-AE84-8912063917B6}.Release|x86.Build.0 = Release|Win32
		{B5C136EF-FF53-4128-B133-87C0E644C7DC}.Debug|x64.ActiveCfg = Debug|x64
		{B5C136EF-FF53-4128-B133-87C0E644C7DC}.Debug|x64.Build.0 = Debug|x64
		{B5C136EF-FF53-4128-B133-87C0E644C7DC}.Debug|x86.ActiveCfg = Debug|Win32
		{B5C136EF-FF53-4128-B133-87C0E644C7DC}.Debug|x86.Build.0 = Debug|Win32
		{B5C136EF-FF53-4128-B133-87C0E644C7DC}.Release|x64.ActiveCfg = Release|x64
		{B5C136EF-FF53-4128-B133-87C0E644C7DC}.Release|x64.Build.0 = Release|x64
		{B5C136EF-FF53-4128-B133-87C0E644C7DC}.Release|x86.ActiveCfg = Release|Win32
		{B5C136EF-FF53-4128-B133-87C0E644C7DC}.Release|x86.Build.0 = Release|Win32
		{EDE177E5-FFD9-4E48-A5FA-07AD647B7E3E}.Debug|x64.ActiveCfg = Debug|x64
		{EDE177E5-FFD9-4E48-A5FA-07AD647B7E3E}.Debug|x64.Build.0 = Debug|x64
		{EDE177E5-FFD9-4E48-A5FA-07AD647B7E3E}.Debug|x86.ActiveCfg = Debug|Win32
		{EDE177E5-FFD9-4E48-A5FA-07AD647B7E3E}.Debug|x86.Build.0 = Debug|Win32
		{EDE177E5-FFD9-4E48-A5FA-07AD647B7E3E}.Release|x64.ActiveCfg = Release|x64
		{EDE177E5-FFD9-4E48-A5FA-07AD647B7E3E}.Release|x64.Build.0 = Release|x64
		{EDE177E5-FFD9-4E48-A5FA-07AD647B7E3E}.Release|x86.ActiveCfg = Release|Win32
		{EDE177E5-FFD9-4E48-A5FA-07AD647B7E3E}.Release|x86.Build.0 = Release|Win32
		{29FB7384-900A-4B91-B2D1-39565091D8B7}.Debug|x64.ActiveCfg = Debug|x64
		{29FB7384-900A-4B91-B2D1-39565091D8B7}.Debug|x64.Build.0 = Debug|x64
		{29FB7384-900A-4B91-B2D1-39565091D8B7}.Debug|x86.ActiveCfg = Debug|Win32
		{29FB7384-900A-4B91-B2D1-39565091D8B7}.Debug|x86.Build.0 = Debug|Win32
		{29FB7384-900A-4B91-B2D1-39565091D8B7}.Release|x64.ActiveCfg = Release|x64
		{29FB7384-900A-4B91-B2D1-39565091D8B7}.Release|x64.Build.0 = Release|x64
		{29FB7384-900A-4B91-B2D1-39565091D8B7}.Release|x86.ActiveCfg = Release|Win32
		{29FB7384-900A-4B91-B2D1-39565091D8B7}.Release|x86.Build.0 = Release|Win32
		{E6907A2E-A584-4D28-BA4E-B1CF4701147F}.Debug|x64.ActiveCfg = Debug|x64
		{E6907A2E-A584-4D28-BA4E-B1CF4701147F}.Debug|x64.Build.0 = Debug|x64
		{E6907A2E-A584-4D28-BA4E-B1CF4701147F}.Debug|x86.ActiveCfg = Debug|Win32
		{E6907A2E-A584-4D28-BA4E-B1CF4701147F}.Debug|x86.Build.0 = Debug|Win32
		{E6907A2E-A584-4D28-BA4E-B1CF4701147F}.Release|x64.ActiveCfg = Release|x64
		{E6907A2E-A584-4D28-BA4E-B1CF4701147F}.Release|x64.Build.0 = Release|x64
		{E6907A2E-A584-4D28-BA4E-B1CF4701147F}.Release|x86.ActiveCfg = Release|Win32
		{E6907A2E-A584-4D28-BA4E-B1CF4701147F}.Release|x86.Build.0 = Release|Win32
		{C84619E8-7845-4975-9B59-7C65E17FEAA8}.Debug|x64.ActiveCfg = Debug|x64
		{C84619E8-7845-4975-9B59-7C65E17FEAA8}.Debug|x64.Build.0 = Debug|x64
		{C84619E8-7845-4975-9B59-7C65E17FEAA8}.Debug|x86.ActiveCfg = Debug|Win32
		{C84619E8-7845-4975-9B59-7C65E17FEAA8}.Debug|x86.Build.0 = Debug|Win32
		{C84619E8-7845-4975-9B59-7C65E17FEAA8}.Release|x64.ActiveCfg = Release|x64
		{C84619E8-7845-4975-9B59-7C65E17FEAA8}.Release|x64.Build.0 = Release|x64
		{C84619E8-7845-4975-9B59-7C65E17FEAA8}.Release|x86.ActiveCfg = Release|Win32
		{C84619E8-7845-4975-9B59-7C65E17FEAA8}.Release|x86.Build.0 = Release|Win32
		{8CC05E46-4A1D-4D1D-9277-82D79D1F026D}.Debug|x64.ActiveCfg = Debug|x64
		{8CC05E46-4A1D-4D1D-9277-82D79D1F026D}.Debug|x64.Build.0 = Debug|x64
		{8CC05E46-4A1D-4D1D-9277-82D79D1F026D}.Debug|x86.ActiveCfg = Debug|Win32
		{8CC05E46-4A1D-4D1D-9277-82D79D1F026D}.Debug|x86.Build.0 = Debug|Win32
		{8CC05E46-4A1D-4D1D-9277-82D79D1F026D}.Release|x64.ActiveCfg = Release|x64
		{8CC05E46-4A1D-4D1D-9277-82D79D1F026D}.Release|x64.Build.0 = Release|x64
		{8CC05E46-4A1D-4D1D-9277-82D79D1F026D}.Release|x86.ActiveCfg = Release|Win32
		{8CC05E46-4A1D-4D1D-9277-82D79D1F026D}.Release|x86.Build.0 = Release|Win32
		{F4B82D13-3966-4E03-9ECA-4B0F65F7672D}.Debug|x64.ActiveCfg = Debug|x64
		{F4B82D13-3966-4E03-9ECA-4B0F65F7672D}.Debug|x64.Build.0 = Debug|x64
		{F4B82D13-3966-4E03-9ECA-4B0F65F7672D}.Debug|x86.ActiveCfg = Debug|Win32
		{F4B82D13-3966-4E03-9ECA-4B0F65F7672D}.Debug|x86.Build.0 = Debug|Win32
		{F4B82D13-3966-4E03-9ECA-4B0F65F7672D}.Release|x64.ActiveCfg = Release|x64
		{F4B82D13-3966-4E03-9ECA-4B0F65F7672D}.Release|x64.Build.0 = Release|x64
		{F4B82D13-3966-4E03-9ECA-4B0F65F7672D}.Release|x86.ActiveCfg = Release|Win32
		{F4B82D13-3966-4E03-9ECA-4B0F65F7672D}.Release|x86.Build.0 = Release|Win32
		{702A484B-CCAA-4397-B006-8DC76D9A982C}.Debug|x64.ActiveCfg = Debug|x64
		{702A484B-CCAA-4397-B006-8DC76D9A982C}.Debug|x64.Build.0 = Debug|x64
		{702A484B-CCAA-4397-B006-8DC76D9A982C}.Debug|x86.ActiveCfg = Debug|Win32
		{702A484B-CCAA-4397-B006-8DC76D9A982C}.Debug|x86.Build.0 = Debug|Win32
		{702A484B-CCAA-4397-B006-8DC76D9A982C}.Release|x64.ActiveCfg = Release|x64
		{702A484B-CCAA-4397-B006-8DC76D9A982C}.Release|x64.Build.0 = Release|x64
		{702A484B-CCAA-4397-B006-8DC76D9A982C}.Release|x86.ActiveCfg = Release|Win32
		{702A484B-CCAA-4397-B006-8DC76D9A982C}.Release|x86.Build.0 = Release|Win32
		{C2BDC2AE-C977-4A0E-B1BD-60D3377A56C4}.Debug|x64.ActiveCfg = Debug|x64
		{C2BDC2AE-C977-4A0E-B1BD-60D3377A56C4}.Debug|x64.Build.0 = Debug|x64
		{C2BDC2AE-C977-4A0E-B1BD-60D3377A56C4}.Debug|x86.ActiveCfg = Debug|Win32
		{C2BDC2AE-C977-4A0E-B1BD-60D3377A56C4}.Debug|x86.Build.0 = Debug|Win32
		{C2BDC2AE-C977-4A0E-B1BD-60D3377A56C4}.Release|x64.ActiveCfg = Release|x64
		{C2BDC2AE-C977-4A0E-B1BD-60D3377A56C4}.Release|x64.Build.0 = Release|x64
		{C2BDC2AE-C977-4A0E-B1BD-60D3377A56C4}.Release|x86.ActiveCfg = Release|Win32
		{C2BDC2AE-C977-4A0E-B1BD-60D3377A56C4}.Release|x86.Build.0 = Release|Win32
		{9718BC63-A2A2-4F1B-A5AE-1CB9B5FA0E2D}.Debug|x64.ActiveCfg = Debug|x64
		{9718BC63-A2A2-4F1B-A5AE-1CB9B5FA0E2D}.Debug|x64.Build.0 = Debug|x64
		{9718BC63-A2A2-4F1B-A5AE-1CB9B5FA0E2D}.Debug|x86.ActiveCfg = Debug|Win32
		{9718BC63-A2A2-4F1B-A5AE-1CB9B5FA0E2D}.Debug|x86.Build.0 = Debug|Win32
		{9718BC63-A2A2-4F1B-A5AE-1CB9B5FA0E2D}.Release|x64.ActiveCfg = Release|x64
		{9718BC63-A2A2-4F1B-A5AE-1CB9B5FA0E2D}.Release|x64.Build.0 = Release|x64
		{9718BC63-A2A2-4F1B-A5AE-1CB9B5FA0E2D}.Release|x86.ActiveCfg = Release|Win32
		{9718BC63-A2A2-4F1B-A5AE-1CB9B5FA0E2D}.Release|x86.Build.0 = Release|Win32
		{8D630182-B291-4509-8E8D-3EE916DE26EA}.Debug|x64.ActiveCfg = Debug|x64
		{8D630182-B291-4509-8E8D-3EE916DE26EA}.Debug|x64.Build.0 = Debug|x64
		{8D630182-B291-4509-8E8D-3EE916DE26EA}.Debug|x86.ActiveCfg = Debug|Win32
		{8D630182-B291-4509-8E8D-3EE916DE26EA}.Debug|x86.Build.0 = Debug|Win32
		{8D630182-B291-4509-8E8D-3EE916DE26EA}.Release|x64.ActiveCfg = Release|x64
		{8D630182-B291-4509-8E8D-3EE916DE26EA}.Release|x64.Build.0 = Release|x64
		{8D630182-B291-4509-8E8D-3EE916DE26EA}.Release|x86.ActiveCfg = Release|Win32
		{8D630182-B291-4509-8E8D-3EE916DE26EA}.Release|x86.Build.0 = Release|Win32
		{8F1907E9-7262-457C-970A-D662C317298B}.Debug|x64.ActiveCfg = Debug|x64
		{8F1907E9-7262-457C-970A-D662C317298B}.Debug|x64.Build.0 = Debug|x64
		{8F1907E9-7262-457C-970A-D662C317298B}.Debug|x86.ActiveCfg = Debug|Win32
		{8F1907E9-7262-457C-970A-D662C317298B}.Debug|x86.Build.0 = Debug|Win32
		{8F1907E9-7262-457C-970A-D662C317298B}.Release|x64.ActiveCfg = Release|x64
		{8F1907E9-7262-457C-970A-D662C317298B}.Release|x64.Build.0 = Release|x64
		{8F1907E9-7262-457C-970A-D662C317298B}.Release|x86.ActiveCfg = Release|Win32
		{8F1907E9-7262-457C-970A-D662C317298B}.Release|x86.Build.0 = Release|Win32
		{3640980A-4A14-429F-983E-E80471E26A69}.Debug|x64.ActiveCfg = Debug|Any CPU
		{3640980A-4A14-429F-983E-E80471E26A69}.Debug|x64.Build.0 = Debug|Any CPU
		{3640980A-4A14-429F-983E-E80471E26A69}.Debug|x86.ActiveCfg = Debug|Any CPU
		{3640980A-4A14-429F-983E-E80471E26A69}.Debug|x86.Build.0 = Debug|Any CPU
		{3640980A-4A14-429F-983E-E80471E26A69}.Release|x64.ActiveCfg = Release|Any CPU
		{3640980A-4A14-429F-983E-E80471E26A69}.Release|x64.Build.0 = Release|Any CPU
		{3640980A-4A14-429F-983E-E80471E26A69}.Release|x86.ActiveCfg = Release|Any CPU
		{3640980A-4A14-429F-983E-E80471E26A69}.Release|x86.Build.0 = Release|Any CPU
	EndGlobalSection
	GlobalSection(SolutionProperties) = preSolution
		HideSolutionNode = FALSE
	EndGlobalSection
	GlobalSection(NestedProjects) = preSolution
		{168B27B8-51E7-469A-AE84-8912063917B6} = {D5AA5E97-5FFD-4297-90C9-051D2882153E}
		{B5C136EF-FF53-4128-B133-87C0E644C7DC} = {D5AA5E97-5FFD-4297-90C9-051D2882153E}
		{EDE177E5-FFD9-4E48-A5FA-07AD647B7E3E} = {D5AA5E97-5FFD-4297-90C9-051D2882153E}
		{29FB7384-900A-4B91-B2D1-39565091D8B7} = {D5AA5E97-5FFD-4297-90C9-051D2882153E}
		{E6907A2E-A584-4D28-BA4E-B1CF4701147F} = {D5AA5E97-5FFD-4297-90C9-051D2882153E}
		{C84619E8-7845-4975-9B59-7C65E17FEAA8} = {7FDA5490-04F5-47E3-8A03-DDD1D16D668B}
		{8CC05E46-4A1D-4D1D-9277-82D79D1F026D} = {7FDA5490-04F5-47E3-8A03-DDD1D16D668B}
		{F4B82D13-3966-4E03-9ECA-4B0F65F7672D} = {7FDA5490-04F5-47E3-8A03-DDD1D16D668B}
		{702A484B-CCAA-4397-B006-8DC76D9A982C} = {7FDA5490-04F5-47E3-8A03-DDD1D16D668B}
		{C2BDC2AE-C977-4A0E-B1BD-60D3377A56C4} = {36D591C7-65C7-A0D1-1CBC-10CDE441BDC8}
		{9718BC63-A2A2-4F1B-A5AE-1CB9B5FA0E2D} = {36D591C7-65C7-A0D1-1CBC-10CDE441BDC8}
		{8D630182-B291-4509-8E8D-3EE916DE26EA} = {36D591C7-65C7-A0D1-1CBC-10CDE441BDC8}
		{8F1907E9-7262-457C-970A-D662C317298B} = {36D591C7-65C7-A0D1-1CBC-10CDE441BDC8}
		{3640980A-4A14-429F-983E-E80471E26A69} = {D5AA5E97-5FFD-4297-90C9-051D2882153E}
	EndGlobalSection
	GlobalSection(ExtensibilityGlobals) = postSolution
		SolutionGuid = {534BA20B-72AD-4360-913A-5BDBEE94062F}
	EndGlobalSection
EndGlobal
